{
  "pins" : [
    {
      "identity" : "injection",
      "kind" : "remoteSourceControl",
      "location" : "https://github.com/OccamsCode/Injection",
      "state" : {
        "revision" : "b80033a62517093671e17122aba1b07476e357f2",
        "version" : "0.1.0"
      }
    },
    {
      "identity" : "poppify",
      "kind" : "remoteSourceControl",
      "location" : "https://github.com/OccamsCode/Poppify",
      "state" : {
        "revision" : "3fe75860387fc870de9b0a424d5691a023e1e55f",
        "version" : "1.0.3"
      }
    },
    {
      "identity" : "swifter",
      "kind" : "remoteSourceControl",
      "location" : "https://github.com/httpswift/swifter.git",
      "state" : {
        "revision" : "9483a5d459b45c3ffd059f7b55f9638e268632fd",
        "version" : "1.5.0"
      }
    }
  ],
  "version" : 2
}
