{
  "pins" : [
    {
      "identity" : "injection",
      "kind" : "remoteSourceControl",
      "location" : "https://github.com/OccamsCode/Injection",
      "state" : {
        "revision" : "b80033a62517093671e17122aba1b07476e357f2",
        "version" : "0.1.0"
      }
    },
    {
      "identity" : "poppify",
      "kind" : "remoteSourceControl",
      "location" : "https://github.com/OccamsCode/Poppify",
      "state" : {
        "revision" : "da51e28251dcf17d68c07e348207c0718d76d96a",
        "version" : "1.0.4"
      }
    },
    {
      "identity" : "swifter",
      "kind" : "remoteSourceControl",
      "location" : "https://github.com/httpswift/swifter.git",
      "state" : {
        "revision" : "9483a5d459b45c3ffd059f7b55f9638e268632fd",
        "version" : "1.5.0"
      }
    }
  ],
  "version" : 2
}
