{
  "pins" : [
    {
      "identity" : "injection",
      "kind" : "remoteSourceControl",
      "location" : "https://github.com/OccamsCode/Injection",
      "state" : {
        "revision" : "b80033a62517093671e17122aba1b07476e357f2",
        "version" : "0.1.0"
      }
    },
    {
      "identity" : "poppify",
      "kind" : "remoteSourceControl",
      "location" : "https://github.com/OccamsCode/Poppify",
      "state" : {
        "revision" : "efc909aa24b0eff7a47b8db57d45fb1f2271a349",
        "version" : "1.0.2"
      }
    },
    {
      "identity" : "swifter",
      "kind" : "remoteSourceControl",
      "location" : "https://github.com/httpswift/swifter.git",
      "state" : {
        "revision" : "9483a5d459b45c3ffd059f7b55f9638e268632fd",
        "version" : "1.5.0"
      }
    }
  ],
  "version" : 2
}
