// !$*UTF8*$!
{
	archiveVersion = 1;
	classes = {
	};
	objectVersion = 54;
	objects = {

/* Begin PBXBuildFile section */
		BA1F37B025DA9CEF007CC963 /* Assets.xcassets in Resources */ = {isa = PBXBuildFile; fileRef = BA1F37AF25DA9CEF007CC963 /* Assets.xcassets */; };
		BA1F37B325DA9CEF007CC963 /* LaunchScreen.storyboard in Resources */ = {isa = PBXBuildFile; fileRef = BA1F37B125DA9CEF007CC963 /* LaunchScreen.storyboard */; };
		BA285C822B02966C00C57B1C /* OCNApp.swift in Sources */ = {isa = PBXBuildFile; fileRef = BA285C812B02966C00C57B1C /* OCNApp.swift */; };
		BA3A76D72AEA7E7800F0F2D3 /* Injection in Frameworks */ = {isa = PBXBuildFile; productRef = BA3A76D62AEA7E7800F0F2D3 /* Injection */; };
		BA504FEA2B14F88B00865F6E /* BookmarkTabView.swift in Sources */ = {isa = PBXBuildFile; fileRef = BA504FE92B14F88B00865F6E /* BookmarkTabView.swift */; };
		BA504FED2B14FBD400865F6E /* DataStore.swift in Sources */ = {isa = PBXBuildFile; fileRef = BA504FEC2B14FBD400865F6E /* DataStore.swift */; };
		BA504FEF2B17915C00865F6E /* SearchRepositoryTests.swift in Sources */ = {isa = PBXBuildFile; fileRef = BA504FEE2B17915C00865F6E /* SearchRepositoryTests.swift */; };
		BA504FF22B18C1D700865F6E /* SearchObservable.swift in Sources */ = {isa = PBXBuildFile; fileRef = BA504FF12B18C1D700865F6E /* SearchObservable.swift */; };
		BA504FF62B18C40B00865F6E /* SearchTabView.swift in Sources */ = {isa = PBXBuildFile; fileRef = BA504FF52B18C40B00865F6E /* SearchTabView.swift */; };
		BA86B74A2B04EE1C001DD073 /* RemoteModelTests.swift in Sources */ = {isa = PBXBuildFile; fileRef = BA86B7492B04EE1C001DD073 /* RemoteModelTests.swift */; };
		BA86B74C2B04EE6A001DD073 /* XCTest+Extension.swift in Sources */ = {isa = PBXBuildFile; fileRef = BA86B74B2B04EE6A001DD073 /* XCTest+Extension.swift */; };
		BA86B74E2B04EEC3001DD073 /* RemoteHeadlines.swift in Sources */ = {isa = PBXBuildFile; fileRef = BA86B74D2B04EEC3001DD073 /* RemoteHeadlines.swift */; };
		BA86B7512B04F0E8001DD073 /* RemoteSource.json in Resources */ = {isa = PBXBuildFile; fileRef = BA86B7502B04F0E8001DD073 /* RemoteSource.json */; };
		BA86B7552B04F2EC001DD073 /* RemoteArticle.json in Resources */ = {isa = PBXBuildFile; fileRef = BA86B7542B04F2EC001DD073 /* RemoteArticle.json */; };
		BA86B7592B04F4FF001DD073 /* RemoteHeadlines.json in Resources */ = {isa = PBXBuildFile; fileRef = BA86B7582B04F4FF001DD073 /* RemoteHeadlines.json */; };
		BA86B75C2B04F73A001DD073 /* DomainMapper.swift in Sources */ = {isa = PBXBuildFile; fileRef = BA86B75B2B04F73A001DD073 /* DomainMapper.swift */; };
		BA86B75F2B04F7CA001DD073 /* Article.swift in Sources */ = {isa = PBXBuildFile; fileRef = BA86B75E2B04F7CA001DD073 /* Article.swift */; };
		BA86B7612B04F7D3001DD073 /* Source.swift in Sources */ = {isa = PBXBuildFile; fileRef = BA86B7602B04F7D3001DD073 /* Source.swift */; };
		BA86B7642B04F99F001DD073 /* DomainMapperTests.swift in Sources */ = {isa = PBXBuildFile; fileRef = BA86B7632B04F99F001DD073 /* DomainMapperTests.swift */; };
		BA86B76C2B052188001DD073 /* ArticleRowView.swift in Sources */ = {isa = PBXBuildFile; fileRef = BA86B76A2B05215C001DD073 /* ArticleRowView.swift */; };
		BA86B7702B052EEB001DD073 /* ArticleListView.swift in Sources */ = {isa = PBXBuildFile; fileRef = BA86B76E2B052EC6001DD073 /* ArticleListView.swift */; };
		BA86B7722B053676001DD073 /* Previewable.swift in Sources */ = {isa = PBXBuildFile; fileRef = BA86B7712B053676001DD073 /* Previewable.swift */; };
		BA86B7742B064B81001DD073 /* SafariView.swift in Sources */ = {isa = PBXBuildFile; fileRef = BA86B7732B064B81001DD073 /* SafariView.swift */; };
		BA86B7792B065275001DD073 /* ShareView.swift in Sources */ = {isa = PBXBuildFile; fileRef = BA86B7782B065275001DD073 /* ShareView.swift */; };
		BA86B77C2B0811D6001DD073 /* NewsCategory.swift in Sources */ = {isa = PBXBuildFile; fileRef = BA86B77B2B0811D6001DD073 /* NewsCategory.swift */; };
		BA86B77E2B081416001DD073 /* Requests.swift in Sources */ = {isa = PBXBuildFile; fileRef = BA86B77D2B081416001DD073 /* Requests.swift */; };
		BA86B7802B0817DB001DD073 /* NewsClient.swift in Sources */ = {isa = PBXBuildFile; fileRef = BA86B77F2B0817DB001DD073 /* NewsClient.swift */; };
		BA86B7842B081883001DD073 /* InjectedValues+Extension.swift in Sources */ = {isa = PBXBuildFile; fileRef = BA86B7832B081883001DD073 /* InjectedValues+Extension.swift */; };
		BA86B7872B081ADB001DD073 /* NewsRepository.swift in Sources */ = {isa = PBXBuildFile; fileRef = BA86B7862B081ADB001DD073 /* NewsRepository.swift */; };
		BA86B78C2B08DA5B001DD073 /* TopHeadlinesRepositoryTests.swift in Sources */ = {isa = PBXBuildFile; fileRef = BA86B78B2B08DA5B001DD073 /* TopHeadlinesRepositoryTests.swift */; };
		BA86B78E2B0BCC24001DD073 /* Mocks.swift in Sources */ = {isa = PBXBuildFile; fileRef = BA86B78D2B0BCC24001DD073 /* Mocks.swift */; };
		BA86B7912B0BD7FD001DD073 /* ArticleListViewObservable.swift in Sources */ = {isa = PBXBuildFile; fileRef = BA86B7902B0BD7FD001DD073 /* ArticleListViewObservable.swift */; };
		BA86B7942B0BDA1B001DD073 /* LoadingState.swift in Sources */ = {isa = PBXBuildFile; fileRef = BA86B7932B0BDA1B001DD073 /* LoadingState.swift */; };
		BA86B7962B0D17C9001DD073 /* NewsTabView.swift in Sources */ = {isa = PBXBuildFile; fileRef = BA86B7952B0D17C9001DD073 /* NewsTabView.swift */; };
		BA86B7992B0D3E9F001DD073 /* ContentErrorView.swift in Sources */ = {isa = PBXBuildFile; fileRef = BA86B7982B0D3E9F001DD073 /* ContentErrorView.swift */; };
		BA86B79B2B0E891B001DD073 /* AsyncContentView.swift in Sources */ = {isa = PBXBuildFile; fileRef = BA86B79A2B0E891A001DD073 /* AsyncContentView.swift */; };
		BA86B7A32B0FA666001DD073 /* BehaviourTests.swift in Sources */ = {isa = PBXBuildFile; fileRef = BA86B7A22B0FA666001DD073 /* BehaviourTests.swift */; };
		BA86B7A52B0FA666001DD073 /* BehaviourTestsLaunchTests.swift in Sources */ = {isa = PBXBuildFile; fileRef = BA86B7A42B0FA666001DD073 /* BehaviourTestsLaunchTests.swift */; };
		BA86B7AC2B0FB0E6001DD073 /* ArticleBookmarkObservable.swift in Sources */ = {isa = PBXBuildFile; fileRef = BA86B7AB2B0FB0E6001DD073 /* ArticleBookmarkObservable.swift */; };
		BAA2B721293FF5F000FB0034 /* Swifter in Frameworks */ = {isa = PBXBuildFile; productRef = BAA2B720293FF5F000FB0034 /* Swifter */; };
		BAA3ACED29C5320F00033620 /* Config.xcconfig in Resources */ = {isa = PBXBuildFile; fileRef = BAA3ACEC29C5320E00033620 /* Config.xcconfig */; };
		BAF1D4DC2A93DE0000C93976 /* Poppify in Frameworks */ = {isa = PBXBuildFile; productRef = BAF1D4DB2A93DE0000C93976 /* Poppify */; };
/* End PBXBuildFile section */

/* Begin PBXContainerItemProxy section */
		BA1F37E925DAC85B007CC963 /* PBXContainerItemProxy */ = {
			isa = PBXContainerItemProxy;
			containerPortal = BA1F379B25DA9CEE007CC963 /* Project object */;
			proxyType = 1;
			remoteGlobalIDString = BA1F37A225DA9CEE007CC963;
			remoteInfo = "Occcam News";
		};
		BA86B7A62B0FA666001DD073 /* PBXContainerItemProxy */ = {
			isa = PBXContainerItemProxy;
			containerPortal = BA1F379B25DA9CEE007CC963 /* Project object */;
			proxyType = 1;
			remoteGlobalIDString = BA1F37A225DA9CEE007CC963;
			remoteInfo = "Occcam News";
		};
/* End PBXContainerItemProxy section */

/* Begin PBXFileReference section */
		BA1F37A325DA9CEF007CC963 /* Occcam News.app */ = {isa = PBXFileReference; explicitFileType = wrapper.application; includeInIndex = 0; path = "Occcam News.app"; sourceTree = BUILT_PRODUCTS_DIR; };
		BA1F37AF25DA9CEF007CC963 /* Assets.xcassets */ = {isa = PBXFileReference; lastKnownFileType = folder.assetcatalog; path = Assets.xcassets; sourceTree = "<group>"; };
		BA1F37B225DA9CEF007CC963 /* Base */ = {isa = PBXFileReference; lastKnownFileType = file.storyboard; name = Base; path = Base.lproj/LaunchScreen.storyboard; sourceTree = "<group>"; };
		BA1F37B425DA9CEF007CC963 /* Info.plist */ = {isa = PBXFileReference; lastKnownFileType = text.plist.xml; path = Info.plist; sourceTree = "<group>"; };
		BA1F37E425DAC85B007CC963 /* AppTests.xctest */ = {isa = PBXFileReference; explicitFileType = wrapper.cfbundle; includeInIndex = 0; path = AppTests.xctest; sourceTree = BUILT_PRODUCTS_DIR; };
		BA1F37E825DAC85B007CC963 /* Info.plist */ = {isa = PBXFileReference; lastKnownFileType = text.plist.xml; path = Info.plist; sourceTree = "<group>"; };
		BA285C812B02966C00C57B1C /* OCNApp.swift */ = {isa = PBXFileReference; lastKnownFileType = sourcecode.swift; path = OCNApp.swift; sourceTree = "<group>"; };
		BA504FE92B14F88B00865F6E /* BookmarkTabView.swift */ = {isa = PBXFileReference; lastKnownFileType = sourcecode.swift; path = BookmarkTabView.swift; sourceTree = "<group>"; };
		BA504FEC2B14FBD400865F6E /* DataStore.swift */ = {isa = PBXFileReference; lastKnownFileType = sourcecode.swift; path = DataStore.swift; sourceTree = "<group>"; };
		BA504FEE2B17915C00865F6E /* SearchRepositoryTests.swift */ = {isa = PBXFileReference; lastKnownFileType = sourcecode.swift; path = SearchRepositoryTests.swift; sourceTree = "<group>"; };
		BA504FF12B18C1D700865F6E /* SearchObservable.swift */ = {isa = PBXFileReference; lastKnownFileType = sourcecode.swift; path = SearchObservable.swift; sourceTree = "<group>"; };
		BA504FF52B18C40B00865F6E /* SearchTabView.swift */ = {isa = PBXFileReference; lastKnownFileType = sourcecode.swift; path = SearchTabView.swift; sourceTree = "<group>"; };
		BA86B7492B04EE1C001DD073 /* RemoteModelTests.swift */ = {isa = PBXFileReference; lastKnownFileType = sourcecode.swift; path = RemoteModelTests.swift; sourceTree = "<group>"; };
		BA86B74B2B04EE6A001DD073 /* XCTest+Extension.swift */ = {isa = PBXFileReference; lastKnownFileType = sourcecode.swift; path = "XCTest+Extension.swift"; sourceTree = "<group>"; };
		BA86B74D2B04EEC3001DD073 /* RemoteHeadlines.swift */ = {isa = PBXFileReference; lastKnownFileType = sourcecode.swift; path = RemoteHeadlines.swift; sourceTree = "<group>"; };
		BA86B7502B04F0E8001DD073 /* RemoteSource.json */ = {isa = PBXFileReference; lastKnownFileType = text.json; path = RemoteSource.json; sourceTree = "<group>"; };
		BA86B7542B04F2EC001DD073 /* RemoteArticle.json */ = {isa = PBXFileReference; lastKnownFileType = text.json; path = RemoteArticle.json; sourceTree = "<group>"; };
		BA86B7582B04F4FF001DD073 /* RemoteHeadlines.json */ = {isa = PBXFileReference; lastKnownFileType = text.json; path = RemoteHeadlines.json; sourceTree = "<group>"; };
		BA86B75B2B04F73A001DD073 /* DomainMapper.swift */ = {isa = PBXFileReference; lastKnownFileType = sourcecode.swift; path = DomainMapper.swift; sourceTree = "<group>"; };
		BA86B75E2B04F7CA001DD073 /* Article.swift */ = {isa = PBXFileReference; lastKnownFileType = sourcecode.swift; path = Article.swift; sourceTree = "<group>"; };
		BA86B7602B04F7D3001DD073 /* Source.swift */ = {isa = PBXFileReference; lastKnownFileType = sourcecode.swift; path = Source.swift; sourceTree = "<group>"; };
		BA86B7632B04F99F001DD073 /* DomainMapperTests.swift */ = {isa = PBXFileReference; lastKnownFileType = sourcecode.swift; path = DomainMapperTests.swift; sourceTree = "<group>"; };
		BA86B76A2B05215C001DD073 /* ArticleRowView.swift */ = {isa = PBXFileReference; lastKnownFileType = sourcecode.swift; path = ArticleRowView.swift; sourceTree = "<group>"; };
		BA86B76E2B052EC6001DD073 /* ArticleListView.swift */ = {isa = PBXFileReference; lastKnownFileType = sourcecode.swift; path = ArticleListView.swift; sourceTree = "<group>"; };
		BA86B7712B053676001DD073 /* Previewable.swift */ = {isa = PBXFileReference; lastKnownFileType = sourcecode.swift; path = Previewable.swift; sourceTree = "<group>"; };
		BA86B7732B064B81001DD073 /* SafariView.swift */ = {isa = PBXFileReference; lastKnownFileType = sourcecode.swift; path = SafariView.swift; sourceTree = "<group>"; };
		BA86B7782B065275001DD073 /* ShareView.swift */ = {isa = PBXFileReference; lastKnownFileType = sourcecode.swift; path = ShareView.swift; sourceTree = "<group>"; };
		BA86B77B2B0811D6001DD073 /* NewsCategory.swift */ = {isa = PBXFileReference; lastKnownFileType = sourcecode.swift; path = NewsCategory.swift; sourceTree = "<group>"; };
		BA86B77D2B081416001DD073 /* Requests.swift */ = {isa = PBXFileReference; lastKnownFileType = sourcecode.swift; path = Requests.swift; sourceTree = "<group>"; };
		BA86B77F2B0817DB001DD073 /* NewsClient.swift */ = {isa = PBXFileReference; lastKnownFileType = sourcecode.swift; path = NewsClient.swift; sourceTree = "<group>"; };
		BA86B7832B081883001DD073 /* InjectedValues+Extension.swift */ = {isa = PBXFileReference; lastKnownFileType = sourcecode.swift; path = "InjectedValues+Extension.swift"; sourceTree = "<group>"; };
		BA86B7862B081ADB001DD073 /* NewsRepository.swift */ = {isa = PBXFileReference; lastKnownFileType = sourcecode.swift; path = NewsRepository.swift; sourceTree = "<group>"; };
		BA86B78B2B08DA5B001DD073 /* TopHeadlinesRepositoryTests.swift */ = {isa = PBXFileReference; lastKnownFileType = sourcecode.swift; path = TopHeadlinesRepositoryTests.swift; sourceTree = "<group>"; };
		BA86B78D2B0BCC24001DD073 /* Mocks.swift */ = {isa = PBXFileReference; lastKnownFileType = sourcecode.swift; path = Mocks.swift; sourceTree = "<group>"; };
		BA86B7902B0BD7FD001DD073 /* ArticleListViewObservable.swift */ = {isa = PBXFileReference; lastKnownFileType = sourcecode.swift; path = ArticleListViewObservable.swift; sourceTree = "<group>"; };
		BA86B7932B0BDA1B001DD073 /* LoadingState.swift */ = {isa = PBXFileReference; lastKnownFileType = sourcecode.swift; path = LoadingState.swift; sourceTree = "<group>"; };
		BA86B7952B0D17C9001DD073 /* NewsTabView.swift */ = {isa = PBXFileReference; lastKnownFileType = sourcecode.swift; path = NewsTabView.swift; sourceTree = "<group>"; };
		BA86B7982B0D3E9F001DD073 /* ContentErrorView.swift */ = {isa = PBXFileReference; lastKnownFileType = sourcecode.swift; path = ContentErrorView.swift; sourceTree = "<group>"; };
		BA86B79A2B0E891A001DD073 /* AsyncContentView.swift */ = {isa = PBXFileReference; lastKnownFileType = sourcecode.swift; path = AsyncContentView.swift; sourceTree = "<group>"; };
		BA86B7A02B0FA666001DD073 /* BehaviourTests.xctest */ = {isa = PBXFileReference; explicitFileType = wrapper.cfbundle; includeInIndex = 0; path = BehaviourTests.xctest; sourceTree = BUILT_PRODUCTS_DIR; };
		BA86B7A22B0FA666001DD073 /* BehaviourTests.swift */ = {isa = PBXFileReference; lastKnownFileType = sourcecode.swift; path = BehaviourTests.swift; sourceTree = "<group>"; };
		BA86B7A42B0FA666001DD073 /* BehaviourTestsLaunchTests.swift */ = {isa = PBXFileReference; lastKnownFileType = sourcecode.swift; path = BehaviourTestsLaunchTests.swift; sourceTree = "<group>"; };
		BA86B7AB2B0FB0E6001DD073 /* ArticleBookmarkObservable.swift */ = {isa = PBXFileReference; lastKnownFileType = sourcecode.swift; path = ArticleBookmarkObservable.swift; sourceTree = "<group>"; };
		BAA3ACEC29C5320E00033620 /* Config.xcconfig */ = {isa = PBXFileReference; lastKnownFileType = text.xcconfig; path = Config.xcconfig; sourceTree = "<group>"; };
/* End PBXFileReference section */

/* Begin PBXFrameworksBuildPhase section */
		BA1F37A025DA9CEE007CC963 /* Frameworks */ = {
			isa = PBXFrameworksBuildPhase;
			buildActionMask = 2147483647;
			files = (
				BA3A76D72AEA7E7800F0F2D3 /* Injection in Frameworks */,
				BAF1D4DC2A93DE0000C93976 /* Poppify in Frameworks */,
				BAA2B721293FF5F000FB0034 /* Swifter in Frameworks */,
			);
			runOnlyForDeploymentPostprocessing = 0;
		};
		BA1F37E125DAC85B007CC963 /* Frameworks */ = {
			isa = PBXFrameworksBuildPhase;
			buildActionMask = 2147483647;
			files = (
			);
			runOnlyForDeploymentPostprocessing = 0;
		};
		BA86B79D2B0FA666001DD073 /* Frameworks */ = {
			isa = PBXFrameworksBuildPhase;
			buildActionMask = 2147483647;
			files = (
			);
			runOnlyForDeploymentPostprocessing = 0;
		};
/* End PBXFrameworksBuildPhase section */

/* Begin PBXGroup section */
		BA1F379A25DA9CEE007CC963 = {
			isa = PBXGroup;
			children = (
				BAA3ACEC29C5320E00033620 /* Config.xcconfig */,
				BA1F37A525DA9CEF007CC963 /* Occcam News */,
				BA1F37E525DAC85B007CC963 /* AppTests */,
				BA86B7A12B0FA666001DD073 /* BehaviourTests */,
				BA1F37A425DA9CEF007CC963 /* Products */,
				BAA2B7372940054F00FB0034 /* Frameworks */,
			);
			sourceTree = "<group>";
		};
		BA1F37A425DA9CEF007CC963 /* Products */ = {
			isa = PBXGroup;
			children = (
				BA1F37A325DA9CEF007CC963 /* Occcam News.app */,
				BA1F37E425DAC85B007CC963 /* AppTests.xctest */,
				BA86B7A02B0FA666001DD073 /* BehaviourTests.xctest */,
			);
			name = Products;
			sourceTree = "<group>";
		};
		BA1F37A525DA9CEF007CC963 /* Occcam News */ = {
			isa = PBXGroup;
			children = (
				BA86B7752B064E30001DD073 /* Shared */,
				BA86B7652B052105001DD073 /* Features */,
				BA86B7452B04ED89001DD073 /* Core */,
				BA7F466F29DE163F00912B78 /* App */,
				BA285C812B02966C00C57B1C /* OCNApp.swift */,
				BA1F37B425DA9CEF007CC963 /* Info.plist */,
			);
			path = "Occcam News";
			sourceTree = "<group>";
		};
		BA1F37E525DAC85B007CC963 /* AppTests */ = {
			isa = PBXGroup;
			children = (
				BA86B7442B04ED69001DD073 /* Core */,
				BA1F37E825DAC85B007CC963 /* Info.plist */,
			);
			path = AppTests;
			sourceTree = "<group>";
		};
		BA504FE82B14F87800865F6E /* Views */ = {
			isa = PBXGroup;
			children = (
				BA504FE92B14F88B00865F6E /* BookmarkTabView.swift */,
			);
			path = Views;
			sourceTree = "<group>";
		};
		BA504FEB2B14FBC100865F6E /* Store */ = {
			isa = PBXGroup;
			children = (
				BA504FEC2B14FBD400865F6E /* DataStore.swift */,
			);
			path = Store;
			sourceTree = "<group>";
		};
		BA504FF02B18C1C000865F6E /* Search */ = {
			isa = PBXGroup;
			children = (
				BA504FF42B18C3FB00865F6E /* Views */,
				BA504FF32B18C3E900865F6E /* Observable */,
			);
			path = Search;
			sourceTree = "<group>";
		};
		BA504FF32B18C3E900865F6E /* Observable */ = {
			isa = PBXGroup;
			children = (
				BA504FF12B18C1D700865F6E /* SearchObservable.swift */,
			);
			path = Observable;
			sourceTree = "<group>";
		};
		BA504FF42B18C3FB00865F6E /* Views */ = {
			isa = PBXGroup;
			children = (
				BA504FF52B18C40B00865F6E /* SearchTabView.swift */,
			);
			path = Views;
			sourceTree = "<group>";
		};
		BA78E8AD25F158DE00D7857C /* UIs */ = {
			isa = PBXGroup;
			children = (
				BA1F37B125DA9CEF007CC963 /* LaunchScreen.storyboard */,
			);
			path = UIs;
			sourceTree = "<group>";
		};
		BA7F466F29DE163F00912B78 /* App */ = {
			isa = PBXGroup;
			children = (
				BA1F37AF25DA9CEF007CC963 /* Assets.xcassets */,
				BA78E8AD25F158DE00D7857C /* UIs */,
			);
			path = App;
			sourceTree = "<group>";
		};
		BA86B7442B04ED69001DD073 /* Core */ = {
			isa = PBXGroup;
			children = (
				BA86B7882B08DA0E001DD073 /* RepositoryTests */,
				BA86B7622B04F982001DD073 /* DomainMapperTests */,
				BA86B7482B04EE02001DD073 /* RemoteModelTests */,
				BA86B78D2B0BCC24001DD073 /* Mocks.swift */,
			);
			path = Core;
			sourceTree = "<group>";
		};
		BA86B7452B04ED89001DD073 /* Core */ = {
			isa = PBXGroup;
			children = (
				BA504FEB2B14FBC100865F6E /* Store */,
				BA86B7852B081AA4001DD073 /* Repository */,
				BA86B75A2B04F72C001DD073 /* Domain */,
				BA86B7462B04ED9C001DD073 /* Network */,
			);
			path = Core;
			sourceTree = "<group>";
		};
		BA86B7462B04ED9C001DD073 /* Network */ = {
			isa = PBXGroup;
			children = (
				BA86B7922B0BD9FD001DD073 /* LoadingState */,
				BA86B7812B081845001DD073 /* Utilities */,
				BA86B77A2B08119C001DD073 /* Client */,
				BA86B7472B04EDA2001DD073 /* Models */,
			);
			path = Network;
			sourceTree = "<group>";
		};
		BA86B7472B04EDA2001DD073 /* Models */ = {
			isa = PBXGroup;
			children = (
				BA86B74D2B04EEC3001DD073 /* RemoteHeadlines.swift */,
			);
			path = Models;
			sourceTree = "<group>";
		};
		BA86B7482B04EE02001DD073 /* RemoteModelTests */ = {
			isa = PBXGroup;
			children = (
				BA86B74F2B04F0D0001DD073 /* RemoteModels */,
				BA86B7492B04EE1C001DD073 /* RemoteModelTests.swift */,
				BA86B74B2B04EE6A001DD073 /* XCTest+Extension.swift */,
			);
			path = RemoteModelTests;
			sourceTree = "<group>";
		};
		BA86B74F2B04F0D0001DD073 /* RemoteModels */ = {
			isa = PBXGroup;
			children = (
				BA86B7502B04F0E8001DD073 /* RemoteSource.json */,
				BA86B7542B04F2EC001DD073 /* RemoteArticle.json */,
				BA86B7582B04F4FF001DD073 /* RemoteHeadlines.json */,
			);
			path = RemoteModels;
			sourceTree = "<group>";
		};
		BA86B75A2B04F72C001DD073 /* Domain */ = {
			isa = PBXGroup;
			children = (
				BA86B75D2B04F796001DD073 /* Models */,
				BA86B75B2B04F73A001DD073 /* DomainMapper.swift */,
				BA86B7712B053676001DD073 /* Previewable.swift */,
			);
			path = Domain;
			sourceTree = "<group>";
		};
		BA86B75D2B04F796001DD073 /* Models */ = {
			isa = PBXGroup;
			children = (
				BA86B75E2B04F7CA001DD073 /* Article.swift */,
				BA86B7602B04F7D3001DD073 /* Source.swift */,
			);
			path = Models;
			sourceTree = "<group>";
		};
		BA86B7622B04F982001DD073 /* DomainMapperTests */ = {
			isa = PBXGroup;
			children = (
				BA86B7632B04F99F001DD073 /* DomainMapperTests.swift */,
			);
			path = DomainMapperTests;
			sourceTree = "<group>";
		};
		BA86B7652B052105001DD073 /* Features */ = {
			isa = PBXGroup;
			children = (
				BA504FF02B18C1C000865F6E /* Search */,
				BA86B7AD2B0FB412001DD073 /* Bookmarks */,
				BA86B7662B052110001DD073 /* TopHeadlines */,
			);
			path = Features;
			sourceTree = "<group>";
		};
		BA86B7662B052110001DD073 /* TopHeadlines */ = {
			isa = PBXGroup;
			children = (
				BA86B78F2B0BD7B7001DD073 /* Observables */,
				BA86B76D2B052EB7001DD073 /* Views */,
			);
			path = TopHeadlines;
			sourceTree = "<group>";
		};
		BA86B76D2B052EB7001DD073 /* Views */ = {
			isa = PBXGroup;
			children = (
				BA86B76A2B05215C001DD073 /* ArticleRowView.swift */,
				BA86B76E2B052EC6001DD073 /* ArticleListView.swift */,
				BA86B7952B0D17C9001DD073 /* NewsTabView.swift */,
			);
			path = Views;
			sourceTree = "<group>";
		};
		BA86B7752B064E30001DD073 /* Shared */ = {
			isa = PBXGroup;
			children = (
				BA86B7762B064E38001DD073 /* DesignSystem */,
			);
			path = Shared;
			sourceTree = "<group>";
		};
		BA86B7762B064E38001DD073 /* DesignSystem */ = {
			isa = PBXGroup;
			children = (
				BA86B7772B064E4B001DD073 /* Components */,
			);
			path = DesignSystem;
			sourceTree = "<group>";
		};
		BA86B7772B064E4B001DD073 /* Components */ = {
			isa = PBXGroup;
			children = (
				BA86B7732B064B81001DD073 /* SafariView.swift */,
				BA86B7782B065275001DD073 /* ShareView.swift */,
				BA86B7982B0D3E9F001DD073 /* ContentErrorView.swift */,
				BA86B79A2B0E891A001DD073 /* AsyncContentView.swift */,
			);
			path = Components;
			sourceTree = "<group>";
		};
		BA86B77A2B08119C001DD073 /* Client */ = {
			isa = PBXGroup;
			children = (
				BA86B77B2B0811D6001DD073 /* NewsCategory.swift */,
				BA86B77D2B081416001DD073 /* Requests.swift */,
				BA86B77F2B0817DB001DD073 /* NewsClient.swift */,
			);
			path = Client;
			sourceTree = "<group>";
		};
		BA86B7812B081845001DD073 /* Utilities */ = {
			isa = PBXGroup;
			children = (
				BA86B7822B08185C001DD073 /* Injection */,
			);
			path = Utilities;
			sourceTree = "<group>";
		};
		BA86B7822B08185C001DD073 /* Injection */ = {
			isa = PBXGroup;
			children = (
				BA86B7832B081883001DD073 /* InjectedValues+Extension.swift */,
			);
			path = Injection;
			sourceTree = "<group>";
		};
		BA86B7852B081AA4001DD073 /* Repository */ = {
			isa = PBXGroup;
			children = (
				BA86B7862B081ADB001DD073 /* NewsRepository.swift */,
			);
			path = Repository;
			sourceTree = "<group>";
		};
		BA86B7882B08DA0E001DD073 /* RepositoryTests */ = {
			isa = PBXGroup;
			children = (
				BA86B78B2B08DA5B001DD073 /* TopHeadlinesRepositoryTests.swift */,
				BA504FEE2B17915C00865F6E /* SearchRepositoryTests.swift */,
			);
			path = RepositoryTests;
			sourceTree = "<group>";
		};
		BA86B78F2B0BD7B7001DD073 /* Observables */ = {
			isa = PBXGroup;
			children = (
				BA86B7902B0BD7FD001DD073 /* ArticleListViewObservable.swift */,
			);
			path = Observables;
			sourceTree = "<group>";
		};
		BA86B7922B0BD9FD001DD073 /* LoadingState */ = {
			isa = PBXGroup;
			children = (
				BA86B7932B0BDA1B001DD073 /* LoadingState.swift */,
			);
			path = LoadingState;
			sourceTree = "<group>";
		};
		BA86B7A12B0FA666001DD073 /* BehaviourTests */ = {
			isa = PBXGroup;
			children = (
				BA86B7A22B0FA666001DD073 /* BehaviourTests.swift */,
				BA86B7A42B0FA666001DD073 /* BehaviourTestsLaunchTests.swift */,
			);
			path = BehaviourTests;
			sourceTree = "<group>";
		};
		BA86B7AD2B0FB412001DD073 /* Bookmarks */ = {
			isa = PBXGroup;
			children = (
				BA504FE82B14F87800865F6E /* Views */,
				BA86B7AE2B0FB42B001DD073 /* Observables */,
			);
			path = Bookmarks;
			sourceTree = "<group>";
		};
		BA86B7AE2B0FB42B001DD073 /* Observables */ = {
			isa = PBXGroup;
			children = (
				BA86B7AB2B0FB0E6001DD073 /* ArticleBookmarkObservable.swift */,
			);
			path = Observables;
			sourceTree = "<group>";
		};
		BAA2B7372940054F00FB0034 /* Frameworks */ = {
			isa = PBXGroup;
			children = (
			);
			name = Frameworks;
			sourceTree = "<group>";
		};
/* End PBXGroup section */

/* Begin PBXNativeTarget section */
		BA1F37A225DA9CEE007CC963 /* Occcam News */ = {
			isa = PBXNativeTarget;
			buildConfigurationList = BA1F37B725DA9CEF007CC963 /* Build configuration list for PBXNativeTarget "Occcam News" */;
			buildPhases = (
				BA1F379F25DA9CEE007CC963 /* Sources */,
				BA1F37A025DA9CEE007CC963 /* Frameworks */,
				BA1F37A125DA9CEE007CC963 /* Resources */,
				BA78E8D925F2720000D7857C /* TODO as Warning Run Script */,
				BA93A55228CBD747007FBF51 /* SwiftLint Run Script */,
			);
			buildRules = (
			);
			dependencies = (
			);
			name = "Occcam News";
			packageProductDependencies = (
				BAA2B720293FF5F000FB0034 /* Swifter */,
				BAF1D4DB2A93DE0000C93976 /* Poppify */,
				BA3A76D62AEA7E7800F0F2D3 /* Injection */,
			);
			productName = "Occcam News";
			productReference = BA1F37A325DA9CEF007CC963 /* Occcam News.app */;
			productType = "com.apple.product-type.application";
		};
		BA1F37E325DAC85B007CC963 /* AppTests */ = {
			isa = PBXNativeTarget;
			buildConfigurationList = BA1F37EB25DAC85B007CC963 /* Build configuration list for PBXNativeTarget "AppTests" */;
			buildPhases = (
				BA1F37E025DAC85B007CC963 /* Sources */,
				BA1F37E125DAC85B007CC963 /* Frameworks */,
				BA1F37E225DAC85B007CC963 /* Resources */,
			);
			buildRules = (
			);
			dependencies = (
				BA1F37EA25DAC85B007CC963 /* PBXTargetDependency */,
			);
			name = AppTests;
			productName = "Occcam NewsTests";
			productReference = BA1F37E425DAC85B007CC963 /* AppTests.xctest */;
			productType = "com.apple.product-type.bundle.unit-test";
		};
		BA86B79F2B0FA666001DD073 /* BehaviourTests */ = {
			isa = PBXNativeTarget;
			buildConfigurationList = BA86B7A82B0FA666001DD073 /* Build configuration list for PBXNativeTarget "BehaviourTests" */;
			buildPhases = (
				BA86B79C2B0FA666001DD073 /* Sources */,
				BA86B79D2B0FA666001DD073 /* Frameworks */,
				BA86B79E2B0FA666001DD073 /* Resources */,
			);
			buildRules = (
			);
			dependencies = (
				BA86B7A72B0FA666001DD073 /* PBXTargetDependency */,
			);
			name = BehaviourTests;
			productName = BehaviourTests;
			productReference = BA86B7A02B0FA666001DD073 /* BehaviourTests.xctest */;
			productType = "com.apple.product-type.bundle.ui-testing";
		};
/* End PBXNativeTarget section */

/* Begin PBXProject section */
		BA1F379B25DA9CEE007CC963 /* Project object */ = {
			isa = PBXProject;
			attributes = {
				LastSwiftUpdateCheck = 1420;
				LastUpgradeCheck = 1240;
				TargetAttributes = {
					BA1F37A225DA9CEE007CC963 = {
						CreatedOnToolsVersion = 12.4;
					};
					BA1F37E325DAC85B007CC963 = {
						CreatedOnToolsVersion = 12.4;
						LastSwiftMigration = 1420;
						TestTargetID = BA1F37A225DA9CEE007CC963;
					};
					BA86B79F2B0FA666001DD073 = {
						CreatedOnToolsVersion = 14.2;
						TestTargetID = BA1F37A225DA9CEE007CC963;
					};
				};
			};
			buildConfigurationList = BA1F379E25DA9CEE007CC963 /* Build configuration list for PBXProject "Occcam News" */;
			compatibilityVersion = "Xcode 9.3";
			developmentRegion = en;
			hasScannedForEncodings = 0;
			knownRegions = (
				en,
				Base,
			);
			mainGroup = BA1F379A25DA9CEE007CC963;
			packageReferences = (
				BAA2B71F293FF5F000FB0034 /* XCRemoteSwiftPackageReference "swifter" */,
				BAF1D4DA2A93DE0000C93976 /* XCRemoteSwiftPackageReference "Poppify" */,
				BA3A76D52AEA7E7800F0F2D3 /* XCRemoteSwiftPackageReference "Injection" */,
			);
			productRefGroup = BA1F37A425DA9CEF007CC963 /* Products */;
			projectDirPath = "";
			projectRoot = "";
			targets = (
				BA1F37A225DA9CEE007CC963 /* Occcam News */,
				BA1F37E325DAC85B007CC963 /* AppTests */,
				BA86B79F2B0FA666001DD073 /* BehaviourTests */,
			);
		};
/* End PBXProject section */

/* Begin PBXResourcesBuildPhase section */
		BA1F37A125DA9CEE007CC963 /* Resources */ = {
			isa = PBXResourcesBuildPhase;
			buildActionMask = 2147483647;
			files = (
				BA1F37B325DA9CEF007CC963 /* LaunchScreen.storyboard in Resources */,
				BA1F37B025DA9CEF007CC963 /* Assets.xcassets in Resources */,
				BAA3ACED29C5320F00033620 /* Config.xcconfig in Resources */,
			);
			runOnlyForDeploymentPostprocessing = 0;
		};
		BA1F37E225DAC85B007CC963 /* Resources */ = {
			isa = PBXResourcesBuildPhase;
			buildActionMask = 2147483647;
			files = (
				BA86B7592B04F4FF001DD073 /* RemoteHeadlines.json in Resources */,
				BA86B7552B04F2EC001DD073 /* RemoteArticle.json in Resources */,
				BA86B7512B04F0E8001DD073 /* RemoteSource.json in Resources */,
			);
			runOnlyForDeploymentPostprocessing = 0;
		};
		BA86B79E2B0FA666001DD073 /* Resources */ = {
			isa = PBXResourcesBuildPhase;
			buildActionMask = 2147483647;
			files = (
			);
			runOnlyForDeploymentPostprocessing = 0;
		};
/* End PBXResourcesBuildPhase section */

/* Begin PBXShellScriptBuildPhase section */
		BA78E8D925F2720000D7857C /* TODO as Warning Run Script */ = {
			isa = PBXShellScriptBuildPhase;
			alwaysOutOfDate = 1;
			buildActionMask = 2147483647;
			files = (
			);
			inputFileListPaths = (
			);
			inputPaths = (
			);
			name = "TODO as Warning Run Script";
			outputFileListPaths = (
			);
			outputPaths = (
			);
			runOnlyForDeploymentPostprocessing = 0;
			shellPath = /bin/sh;
			shellScript = "if [ \"${CONFIGURATION}\" = \"Debug\" ]; then\nTAGS=\"TODO:|FIXME:\"\necho \"searching ${SRCROOT} for ${TAGS}\"\nfind \"${SRCROOT}\" \\( -name \"*.swift\" \\) -print0 | xargs -0 egrep --with-filename --line-number --only-matching \"($TAGS).*\\$\" | perl -p -e \"s/($TAGS)/ warning: \\$1/\"\nfi\n";
		};
		BA93A55228CBD747007FBF51 /* SwiftLint Run Script */ = {
			isa = PBXShellScriptBuildPhase;
			alwaysOutOfDate = 1;
			buildActionMask = 2147483647;
			files = (
			);
			inputFileListPaths = (
			);
			inputPaths = (
			);
			name = "SwiftLint Run Script";
			outputFileListPaths = (
			);
			outputPaths = (
			);
			runOnlyForDeploymentPostprocessing = 0;
			shellPath = /bin/sh;
			shellScript = "if which swiftlint > /dev/null; then\n  swiftlint\nelse\n  echo \"warning: SwiftLint not installed, download from https://github.com/realm/SwiftLint\"\nfi\n\n";
		};
/* End PBXShellScriptBuildPhase section */

/* Begin PBXSourcesBuildPhase section */
		BA1F379F25DA9CEE007CC963 /* Sources */ = {
			isa = PBXSourcesBuildPhase;
			buildActionMask = 2147483647;
			files = (
				BA86B75F2B04F7CA001DD073 /* Article.swift in Sources */,
				BA86B7942B0BDA1B001DD073 /* LoadingState.swift in Sources */,
				BA504FEA2B14F88B00865F6E /* BookmarkTabView.swift in Sources */,
				BA86B7992B0D3E9F001DD073 /* ContentErrorView.swift in Sources */,
				BA86B77C2B0811D6001DD073 /* NewsCategory.swift in Sources */,
				BA86B7742B064B81001DD073 /* SafariView.swift in Sources */,
				BA86B7702B052EEB001DD073 /* ArticleListView.swift in Sources */,
				BA86B7792B065275001DD073 /* ShareView.swift in Sources */,
				BA86B7722B053676001DD073 /* Previewable.swift in Sources */,
				BA86B75C2B04F73A001DD073 /* DomainMapper.swift in Sources */,
				BA86B79B2B0E891B001DD073 /* AsyncContentView.swift in Sources */,
				BA285C822B02966C00C57B1C /* OCNApp.swift in Sources */,
				BA86B7962B0D17C9001DD073 /* NewsTabView.swift in Sources */,
				BA86B7612B04F7D3001DD073 /* Source.swift in Sources */,
				BA86B7802B0817DB001DD073 /* NewsClient.swift in Sources */,
				BA86B7912B0BD7FD001DD073 /* ArticleListViewObservable.swift in Sources */,
				BA86B77E2B081416001DD073 /* Requests.swift in Sources */,
				BA86B76C2B052188001DD073 /* ArticleRowView.swift in Sources */,
				BA86B74E2B04EEC3001DD073 /* RemoteHeadlines.swift in Sources */,
				BA86B7AC2B0FB0E6001DD073 /* ArticleBookmarkObservable.swift in Sources */,
				BA504FF22B18C1D700865F6E /* SearchObservable.swift in Sources */,
				BA504FF62B18C40B00865F6E /* SearchTabView.swift in Sources */,
				BA504FED2B14FBD400865F6E /* DataStore.swift in Sources */,
				BA86B7842B081883001DD073 /* InjectedValues+Extension.swift in Sources */,
				BA86B7872B081ADB001DD073 /* NewsRepository.swift in Sources */,
			);
			runOnlyForDeploymentPostprocessing = 0;
		};
		BA1F37E025DAC85B007CC963 /* Sources */ = {
			isa = PBXSourcesBuildPhase;
			buildActionMask = 2147483647;
			files = (
				BA86B74A2B04EE1C001DD073 /* RemoteModelTests.swift in Sources */,
				BA86B7642B04F99F001DD073 /* DomainMapperTests.swift in Sources */,
				BA86B74C2B04EE6A001DD073 /* XCTest+Extension.swift in Sources */,
				BA504FEF2B17915C00865F6E /* SearchRepositoryTests.swift in Sources */,
				BA86B78C2B08DA5B001DD073 /* TopHeadlinesRepositoryTests.swift in Sources */,
				BA86B78E2B0BCC24001DD073 /* Mocks.swift in Sources */,
			);
			runOnlyForDeploymentPostprocessing = 0;
		};
		BA86B79C2B0FA666001DD073 /* Sources */ = {
			isa = PBXSourcesBuildPhase;
			buildActionMask = 2147483647;
			files = (
				BA86B7A52B0FA666001DD073 /* BehaviourTestsLaunchTests.swift in Sources */,
				BA86B7A32B0FA666001DD073 /* BehaviourTests.swift in Sources */,
			);
			runOnlyForDeploymentPostprocessing = 0;
		};
/* End PBXSourcesBuildPhase section */

/* Begin PBXTargetDependency section */
		BA1F37EA25DAC85B007CC963 /* PBXTargetDependency */ = {
			isa = PBXTargetDependency;
			target = BA1F37A225DA9CEE007CC963 /* Occcam News */;
			targetProxy = BA1F37E925DAC85B007CC963 /* PBXContainerItemProxy */;
		};
		BA86B7A72B0FA666001DD073 /* PBXTargetDependency */ = {
			isa = PBXTargetDependency;
			target = BA1F37A225DA9CEE007CC963 /* Occcam News */;
			targetProxy = BA86B7A62B0FA666001DD073 /* PBXContainerItemProxy */;
		};
/* End PBXTargetDependency section */

/* Begin PBXVariantGroup section */
		BA1F37B125DA9CEF007CC963 /* LaunchScreen.storyboard */ = {
			isa = PBXVariantGroup;
			children = (
				BA1F37B225DA9CEF007CC963 /* Base */,
			);
			name = LaunchScreen.storyboard;
			sourceTree = "<group>";
		};
/* End PBXVariantGroup section */

/* Begin XCBuildConfiguration section */
		BA1F37B525DA9CEF007CC963 /* Debug */ = {
			isa = XCBuildConfiguration;
			baseConfigurationReference = BAA3ACEC29C5320E00033620 /* Config.xcconfig */;
			buildSettings = {
				ALWAYS_SEARCH_USER_PATHS = NO;
				CLANG_ANALYZER_NONNULL = YES;
				CLANG_ANALYZER_NUMBER_OBJECT_CONVERSION = YES_AGGRESSIVE;
				CLANG_CXX_LANGUAGE_STANDARD = "gnu++14";
				CLANG_CXX_LIBRARY = "libc++";
				CLANG_ENABLE_MODULES = YES;
				CLANG_ENABLE_OBJC_ARC = YES;
				CLANG_ENABLE_OBJC_WEAK = YES;
				CLANG_WARN_BLOCK_CAPTURE_AUTORELEASING = YES;
				CLANG_WARN_BOOL_CONVERSION = YES;
				CLANG_WARN_COMMA = YES;
				CLANG_WARN_CONSTANT_CONVERSION = YES;
				CLANG_WARN_DEPRECATED_OBJC_IMPLEMENTATIONS = YES;
				CLANG_WARN_DIRECT_OBJC_ISA_USAGE = YES_ERROR;
				CLANG_WARN_DOCUMENTATION_COMMENTS = YES;
				CLANG_WARN_EMPTY_BODY = YES;
				CLANG_WARN_ENUM_CONVERSION = YES;
				CLANG_WARN_INFINITE_RECURSION = YES;
				CLANG_WARN_INT_CONVERSION = YES;
				CLANG_WARN_NON_LITERAL_NULL_CONVERSION = YES;
				CLANG_WARN_OBJC_IMPLICIT_RETAIN_SELF = YES;
				CLANG_WARN_OBJC_LITERAL_CONVERSION = YES;
				CLANG_WARN_OBJC_ROOT_CLASS = YES_ERROR;
				CLANG_WARN_QUOTED_INCLUDE_IN_FRAMEWORK_HEADER = YES;
				CLANG_WARN_RANGE_LOOP_ANALYSIS = YES;
				CLANG_WARN_STRICT_PROTOTYPES = YES;
				CLANG_WARN_SUSPICIOUS_MOVE = YES;
				CLANG_WARN_UNGUARDED_AVAILABILITY = YES_AGGRESSIVE;
				CLANG_WARN_UNREACHABLE_CODE = YES;
				CLANG_WARN__DUPLICATE_METHOD_MATCH = YES;
				COPY_PHASE_STRIP = NO;
				DEBUG_INFORMATION_FORMAT = dwarf;
				ENABLE_STRICT_OBJC_MSGSEND = YES;
				ENABLE_TESTABILITY = YES;
				GCC_C_LANGUAGE_STANDARD = gnu11;
				GCC_DYNAMIC_NO_PIC = NO;
				GCC_NO_COMMON_BLOCKS = YES;
				GCC_OPTIMIZATION_LEVEL = 0;
				GCC_PREPROCESSOR_DEFINITIONS = (
					"DEBUG=1",
					"$(inherited)",
				);
				GCC_WARN_64_TO_32_BIT_CONVERSION = YES;
				GCC_WARN_ABOUT_RETURN_TYPE = YES_ERROR;
				GCC_WARN_UNDECLARED_SELECTOR = YES;
				GCC_WARN_UNINITIALIZED_AUTOS = YES_AGGRESSIVE;
				GCC_WARN_UNUSED_FUNCTION = YES;
				GCC_WARN_UNUSED_VARIABLE = YES;
				IPHONEOS_DEPLOYMENT_TARGET = 15.0;
				MTL_ENABLE_DEBUG_INFO = INCLUDE_SOURCE;
				MTL_FAST_MATH = YES;
				ONLY_ACTIVE_ARCH = YES;
				SDKROOT = iphoneos;
				SWIFT_ACTIVE_COMPILATION_CONDITIONS = DEBUG;
				SWIFT_OPTIMIZATION_LEVEL = "-Onone";
			};
			name = Debug;
		};
		BA1F37B625DA9CEF007CC963 /* Release */ = {
			isa = XCBuildConfiguration;
			baseConfigurationReference = BAA3ACEC29C5320E00033620 /* Config.xcconfig */;
			buildSettings = {
				ALWAYS_SEARCH_USER_PATHS = NO;
				CLANG_ANALYZER_NONNULL = YES;
				CLANG_ANALYZER_NUMBER_OBJECT_CONVERSION = YES_AGGRESSIVE;
				CLANG_CXX_LANGUAGE_STANDARD = "gnu++14";
				CLANG_CXX_LIBRARY = "libc++";
				CLANG_ENABLE_MODULES = YES;
				CLANG_ENABLE_OBJC_ARC = YES;
				CLANG_ENABLE_OBJC_WEAK = YES;
				CLANG_WARN_BLOCK_CAPTURE_AUTORELEASING = YES;
				CLANG_WARN_BOOL_CONVERSION = YES;
				CLANG_WARN_COMMA = YES;
				CLANG_WARN_CONSTANT_CONVERSION = YES;
				CLANG_WARN_DEPRECATED_OBJC_IMPLEMENTATIONS = YES;
				CLANG_WARN_DIRECT_OBJC_ISA_USAGE = YES_ERROR;
				CLANG_WARN_DOCUMENTATION_COMMENTS = YES;
				CLANG_WARN_EMPTY_BODY = YES;
				CLANG_WARN_ENUM_CONVERSION = YES;
				CLANG_WARN_INFINITE_RECURSION = YES;
				CLANG_WARN_INT_CONVERSION = YES;
				CLANG_WARN_NON_LITERAL_NULL_CONVERSION = YES;
				CLANG_WARN_OBJC_IMPLICIT_RETAIN_SELF = YES;
				CLANG_WARN_OBJC_LITERAL_CONVERSION = YES;
				CLANG_WARN_OBJC_ROOT_CLASS = YES_ERROR;
				CLANG_WARN_QUOTED_INCLUDE_IN_FRAMEWORK_HEADER = YES;
				CLANG_WARN_RANGE_LOOP_ANALYSIS = YES;
				CLANG_WARN_STRICT_PROTOTYPES = YES;
				CLANG_WARN_SUSPICIOUS_MOVE = YES;
				CLANG_WARN_UNGUARDED_AVAILABILITY = YES_AGGRESSIVE;
				CLANG_WARN_UNREACHABLE_CODE = YES;
				CLANG_WARN__DUPLICATE_METHOD_MATCH = YES;
				COPY_PHASE_STRIP = NO;
				DEBUG_INFORMATION_FORMAT = "dwarf-with-dsym";
				ENABLE_NS_ASSERTIONS = NO;
				ENABLE_STRICT_OBJC_MSGSEND = YES;
				GCC_C_LANGUAGE_STANDARD = gnu11;
				GCC_NO_COMMON_BLOCKS = YES;
				GCC_WARN_64_TO_32_BIT_CONVERSION = YES;
				GCC_WARN_ABOUT_RETURN_TYPE = YES_ERROR;
				GCC_WARN_UNDECLARED_SELECTOR = YES;
				GCC_WARN_UNINITIALIZED_AUTOS = YES_AGGRESSIVE;
				GCC_WARN_UNUSED_FUNCTION = YES;
				GCC_WARN_UNUSED_VARIABLE = YES;
				IPHONEOS_DEPLOYMENT_TARGET = 15.0;
				MTL_ENABLE_DEBUG_INFO = NO;
				MTL_FAST_MATH = YES;
				SDKROOT = iphoneos;
				SWIFT_COMPILATION_MODE = wholemodule;
				SWIFT_OPTIMIZATION_LEVEL = "-O";
				VALIDATE_PRODUCT = YES;
			};
			name = Release;
		};
		BA1F37B825DA9CEF007CC963 /* Debug */ = {
			isa = XCBuildConfiguration;
			buildSettings = {
				ASSETCATALOG_COMPILER_APPICON_NAME = AppIcon;
				ASSETCATALOG_COMPILER_GLOBAL_ACCENT_COLOR_NAME = AccentColor;
				CODE_SIGN_STYLE = Automatic;
				DEVELOPMENT_TEAM = 592QM63P2J;
				INFOPLIST_FILE = "Occcam News/Info.plist";
				IPHONEOS_DEPLOYMENT_TARGET = 15.0;
				LD_RUNPATH_SEARCH_PATHS = (
					"$(inherited)",
					"@executable_path/Frameworks",
				);
				PRODUCT_BUNDLE_IDENTIFIER = "com.projects.Occcam-News";
				PRODUCT_NAME = "$(TARGET_NAME)";
				SWIFT_VERSION = 5.0;
				TARGETED_DEVICE_FAMILY = "1,2";
			};
			name = Debug;
		};
		BA1F37B925DA9CEF007CC963 /* Release */ = {
			isa = XCBuildConfiguration;
			buildSettings = {
				ASSETCATALOG_COMPILER_APPICON_NAME = AppIcon;
				ASSETCATALOG_COMPILER_GLOBAL_ACCENT_COLOR_NAME = AccentColor;
				CODE_SIGN_STYLE = Automatic;
				DEVELOPMENT_TEAM = 592QM63P2J;
				INFOPLIST_FILE = "Occcam News/Info.plist";
				IPHONEOS_DEPLOYMENT_TARGET = 15.0;
				LD_RUNPATH_SEARCH_PATHS = (
					"$(inherited)",
					"@executable_path/Frameworks",
				);
				PRODUCT_BUNDLE_IDENTIFIER = "com.projects.Occcam-News";
				PRODUCT_NAME = "$(TARGET_NAME)";
				SWIFT_VERSION = 5.0;
				TARGETED_DEVICE_FAMILY = "1,2";
			};
			name = Release;
		};
		BA1F37EC25DAC85B007CC963 /* Debug */ = {
			isa = XCBuildConfiguration;
			buildSettings = {
				BUNDLE_LOADER = "$(TEST_HOST)";
				CLANG_ENABLE_MODULES = YES;
				CODE_SIGN_STYLE = Automatic;
				DEVELOPMENT_TEAM = 592QM63P2J;
				INFOPLIST_FILE = AppTests/Info.plist;
				IPHONEOS_DEPLOYMENT_TARGET = 15.0;
				LD_RUNPATH_SEARCH_PATHS = (
					"$(inherited)",
					"@executable_path/Frameworks",
					"@loader_path/Frameworks",
				);
				OTHER_SWIFT_FLAGS = "";
				PRODUCT_BUNDLE_IDENTIFIER = "com.projects.Occcam-NewsTests";
				PRODUCT_NAME = "$(TARGET_NAME)";
				SWIFT_OPTIMIZATION_LEVEL = "-Onone";
				SWIFT_VERSION = 5.0;
				TARGETED_DEVICE_FAMILY = "1,2";
				TEST_HOST = "$(BUILT_PRODUCTS_DIR)/Occcam News.app/Occcam News";
			};
			name = Debug;
		};
		BA1F37ED25DAC85B007CC963 /* Release */ = {
			isa = XCBuildConfiguration;
			buildSettings = {
				BUNDLE_LOADER = "$(TEST_HOST)";
				CLANG_ENABLE_MODULES = YES;
				CODE_SIGN_STYLE = Automatic;
				DEVELOPMENT_TEAM = 592QM63P2J;
				INFOPLIST_FILE = AppTests/Info.plist;
				IPHONEOS_DEPLOYMENT_TARGET = 15.0;
				LD_RUNPATH_SEARCH_PATHS = (
					"$(inherited)",
					"@executable_path/Frameworks",
					"@loader_path/Frameworks",
				);
				OTHER_SWIFT_FLAGS = "";
				PRODUCT_BUNDLE_IDENTIFIER = "com.projects.Occcam-NewsTests";
				PRODUCT_NAME = "$(TARGET_NAME)";
				SWIFT_VERSION = 5.0;
				TARGETED_DEVICE_FAMILY = "1,2";
				TEST_HOST = "$(BUILT_PRODUCTS_DIR)/Occcam News.app/Occcam News";
			};
			name = Release;
		};
		BA86B7A92B0FA666001DD073 /* Debug */ = {
			isa = XCBuildConfiguration;
			buildSettings = {
				CLANG_CXX_LANGUAGE_STANDARD = "gnu++20";
				CODE_SIGN_STYLE = Automatic;
				CURRENT_PROJECT_VERSION = 1;
				GENERATE_INFOPLIST_FILE = YES;
				IPHONEOS_DEPLOYMENT_TARGET = 15.0;
				MARKETING_VERSION = 1.0;
				PRODUCT_BUNDLE_IDENTIFIER = "com.tech-test.BehaviourTests";
				PRODUCT_NAME = "$(TARGET_NAME)";
				SWIFT_EMIT_LOC_STRINGS = NO;
				SWIFT_VERSION = 5.0;
				TARGETED_DEVICE_FAMILY = "1,2";
				TEST_TARGET_NAME = "Occcam News";
			};
			name = Debug;
		};
		BA86B7AA2B0FA666001DD073 /* Release */ = {
			isa = XCBuildConfiguration;
			buildSettings = {
				CLANG_CXX_LANGUAGE_STANDARD = "gnu++20";
				CODE_SIGN_STYLE = Automatic;
				CURRENT_PROJECT_VERSION = 1;
				GENERATE_INFOPLIST_FILE = YES;
				IPHONEOS_DEPLOYMENT_TARGET = 15.0;
				MARKETING_VERSION = 1.0;
				PRODUCT_BUNDLE_IDENTIFIER = "com.tech-test.BehaviourTests";
				PRODUCT_NAME = "$(TARGET_NAME)";
				SWIFT_EMIT_LOC_STRINGS = NO;
				SWIFT_VERSION = 5.0;
				TARGETED_DEVICE_FAMILY = "1,2";
				TEST_TARGET_NAME = "Occcam News";
			};
			name = Release;
		};
/* End XCBuildConfiguration section */

/* Begin XCConfigurationList section */
		BA1F379E25DA9CEE007CC963 /* Build configuration list for PBXProject "Occcam News" */ = {
			isa = XCConfigurationList;
			buildConfigurations = (
				BA1F37B525DA9CEF007CC963 /* Debug */,
				BA1F37B625DA9CEF007CC963 /* Release */,
			);
			defaultConfigurationIsVisible = 0;
			defaultConfigurationName = Release;
		};
		BA1F37B725DA9CEF007CC963 /* Build configuration list for PBXNativeTarget "Occcam News" */ = {
			isa = XCConfigurationList;
			buildConfigurations = (
				BA1F37B825DA9CEF007CC963 /* Debug */,
				BA1F37B925DA9CEF007CC963 /* Release */,
			);
			defaultConfigurationIsVisible = 0;
			defaultConfigurationName = Release;
		};
		BA1F37EB25DAC85B007CC963 /* Build configuration list for PBXNativeTarget "AppTests" */ = {
			isa = XCConfigurationList;
			buildConfigurations = (
				BA1F37EC25DAC85B007CC963 /* Debug */,
				BA1F37ED25DAC85B007CC963 /* Release */,
			);
			defaultConfigurationIsVisible = 0;
			defaultConfigurationName = Release;
		};
		BA86B7A82B0FA666001DD073 /* Build configuration list for PBXNativeTarget "BehaviourTests" */ = {
			isa = XCConfigurationList;
			buildConfigurations = (
				BA86B7A92B0FA666001DD073 /* Debug */,
				BA86B7AA2B0FA666001DD073 /* Release */,
			);
			defaultConfigurationIsVisible = 0;
			defaultConfigurationName = Release;
		};
/* End XCConfigurationList section */

/* Begin XCRemoteSwiftPackageReference section */
		BA3A76D52AEA7E7800F0F2D3 /* XCRemoteSwiftPackageReference "Injection" */ = {
			isa = XCRemoteSwiftPackageReference;
			repositoryURL = "https://github.com/OccamsCode/Injection";
			requirement = {
				kind = upToNextMajorVersion;
				minimumVersion = 0.1.0;
			};
		};
		BAA2B71F293FF5F000FB0034 /* XCRemoteSwiftPackageReference "swifter" */ = {
			isa = XCRemoteSwiftPackageReference;
			repositoryURL = "https://github.com/httpswift/swifter.git";
			requirement = {
				kind = upToNextMajorVersion;
				minimumVersion = 1.0.0;
			};
		};
		BAF1D4DA2A93DE0000C93976 /* XCRemoteSwiftPackageReference "Poppify" */ = {
			isa = XCRemoteSwiftPackageReference;
			repositoryURL = "https://github.com/OccamsCode/Poppify";
			requirement = {
				kind = upToNextMajorVersion;
				minimumVersion = 1.0.0;
			};
		};
/* End XCRemoteSwiftPackageReference section */

/* Begin XCSwiftPackageProductDependency section */
		BA3A76D62AEA7E7800F0F2D3 /* Injection */ = {
			isa = XCSwiftPackageProductDependency;
			package = BA3A76D52AEA7E7800F0F2D3 /* XCRemoteSwiftPackageReference "Injection" */;
			productName = Injection;
		};
		BAA2B720293FF5F000FB0034 /* Swifter */ = {
			isa = XCSwiftPackageProductDependency;
			package = BAA2B71F293FF5F000FB0034 /* XCRemoteSwiftPackageReference "swifter" */;
			productName = Swifter;
		};
		BAF1D4DB2A93DE0000C93976 /* Poppify */ = {
			isa = XCSwiftPackageProductDependency;
			package = BAF1D4DA2A93DE0000C93976 /* XCRemoteSwiftPackageReference "Poppify" */;
			productName = Poppify;
		};
/* End XCSwiftPackageProductDependency section */
	};
	rootObject = BA1F379B25DA9CEE007CC963 /* Project object */;
}
