// !$*UTF8*$!
{
	archiveVersion = 1;
	classes = {
	};
	objectVersion = 54;
	objects = {

/* Begin PBXBuildFile section */
		BA04D29F28E7A5A60098D0E2 /* HomeViewController.swift in Sources */ = {isa = PBXBuildFile; fileRef = BA04D29E28E7A5A60098D0E2 /* HomeViewController.swift */; };
		BA04D2A428E7A9A00098D0E2 /* ArticleTableViewCell.swift in Sources */ = {isa = PBXBuildFile; fileRef = BA04D2A228E7A9A00098D0E2 /* ArticleTableViewCell.swift */; };
		BA04D2A528E7A9A00098D0E2 /* ArticleTableViewCell.xib in Resources */ = {isa = PBXBuildFile; fileRef = BA04D2A328E7A9A00098D0E2 /* ArticleTableViewCell.xib */; };
		BA07570028D77BC8000AD25E /* Logger.swift in Sources */ = {isa = PBXBuildFile; fileRef = BA0756FF28D77BC8000AD25E /* Logger.swift */; };
		BA07570228D7BC03000AD25E /* MiscExtension.swift in Sources */ = {isa = PBXBuildFile; fileRef = BA07570128D7BC03000AD25E /* MiscExtension.swift */; };
		BA1F37A725DA9CEF007CC963 /* AppDelegate.swift in Sources */ = {isa = PBXBuildFile; fileRef = BA1F37A625DA9CEF007CC963 /* AppDelegate.swift */; };
		BA1F37A925DA9CEF007CC963 /* SceneDelegate.swift in Sources */ = {isa = PBXBuildFile; fileRef = BA1F37A825DA9CEF007CC963 /* SceneDelegate.swift */; };
		BA1F37AE25DA9CEF007CC963 /* Main.storyboard in Resources */ = {isa = PBXBuildFile; fileRef = BA1F37AC25DA9CEF007CC963 /* Main.storyboard */; };
		BA1F37B025DA9CEF007CC963 /* Assets.xcassets in Resources */ = {isa = PBXBuildFile; fileRef = BA1F37AF25DA9CEF007CC963 /* Assets.xcassets */; };
		BA1F37B325DA9CEF007CC963 /* LaunchScreen.storyboard in Resources */ = {isa = PBXBuildFile; fileRef = BA1F37B125DA9CEF007CC963 /* LaunchScreen.storyboard */; };
		BA1F37BE25DAA05E007CC963 /* Coordinator.swift in Sources */ = {isa = PBXBuildFile; fileRef = BA1F37BD25DAA05D007CC963 /* Coordinator.swift */; };
		BA1F37C225DAA0BE007CC963 /* ClassName.swift in Sources */ = {isa = PBXBuildFile; fileRef = BA1F37C125DAA0BE007CC963 /* ClassName.swift */; };
		BA1F37C725DAA19E007CC963 /* MainCoordinator.swift in Sources */ = {isa = PBXBuildFile; fileRef = BA1F37C625DAA19E007CC963 /* MainCoordinator.swift */; };
		BA1F37CA25DAA496007CC963 /* StoryboardInstantiatable.swift in Sources */ = {isa = PBXBuildFile; fileRef = BA1F37C925DAA496007CC963 /* StoryboardInstantiatable.swift */; };
		BA1F37E725DAC85B007CC963 /* CoordinatorTests.swift in Sources */ = {isa = PBXBuildFile; fileRef = BA1F37E625DAC85B007CC963 /* CoordinatorTests.swift */; };
		BA1F380D25DB04ED007CC963 /* ClientTest.swift in Sources */ = {isa = PBXBuildFile; fileRef = BA1F380C25DB04ED007CC963 /* ClientTest.swift */; };
		BA1F381125DB052E007CC963 /* NewsClient.swift in Sources */ = {isa = PBXBuildFile; fileRef = BA1F381025DB052E007CC963 /* NewsClient.swift */; };
		BA1F381525DB0C11007CC963 /* Mocks.swift in Sources */ = {isa = PBXBuildFile; fileRef = BA1F381425DB0C11007CC963 /* Mocks.swift */; };
		BA1F381925DB253A007CC963 /* Parser.swift in Sources */ = {isa = PBXBuildFile; fileRef = BA1F381825DB253A007CC963 /* Parser.swift */; };
		BA1F381F25DB27CD007CC963 /* JSONParser.swift in Sources */ = {isa = PBXBuildFile; fileRef = BA1F381E25DB27CD007CC963 /* JSONParser.swift */; };
		BA1F382325DB2AA4007CC963 /* JSONParserTests.swift in Sources */ = {isa = PBXBuildFile; fileRef = BA1F382225DB2AA4007CC963 /* JSONParserTests.swift */; };
		BA2D838625DEEC800054FDDB /* Model.swift in Sources */ = {isa = PBXBuildFile; fileRef = BA2D838525DEEC800054FDDB /* Model.swift */; };
		BA2D838D25DF21970054FDDB /* responseTopHeadlines.json in Resources */ = {isa = PBXBuildFile; fileRef = BA2D838C25DF21960054FDDB /* responseTopHeadlines.json */; };
		BA78E8B825F15BD300D7857C /* ArticleCollectionViewCell.swift in Sources */ = {isa = PBXBuildFile; fileRef = BA78E8B625F15BD300D7857C /* ArticleCollectionViewCell.swift */; };
		BA78E8B925F15BD300D7857C /* ArticleCollectionViewCell.xib in Resources */ = {isa = PBXBuildFile; fileRef = BA78E8B725F15BD300D7857C /* ArticleCollectionViewCell.xib */; };
		BA78E8CA25F1977A00D7857C /* CollectionViewCellReuse.swift in Sources */ = {isa = PBXBuildFile; fileRef = BA78E8C925F1977A00D7857C /* CollectionViewCellReuse.swift */; };
		BA78E8CE25F19AF700D7857C /* HomeCollectionViewController.swift in Sources */ = {isa = PBXBuildFile; fileRef = BA78E8CD25F19AF700D7857C /* HomeCollectionViewController.swift */; };
		BA78E8D225F19D6000D7857C /* HomeFlowCoordinator.swift in Sources */ = {isa = PBXBuildFile; fileRef = BA78E8D125F19D6000D7857C /* HomeFlowCoordinator.swift */; };
		BA78E8D625F1A64000D7857C /* HomeViewModel.swift in Sources */ = {isa = PBXBuildFile; fileRef = BA78E8D525F1A64000D7857C /* HomeViewModel.swift */; };
		BA78E8E125F9269A00D7857C /* SnapCollectionFlowLayout.swift in Sources */ = {isa = PBXBuildFile; fileRef = BA78E8E025F9269A00D7857C /* SnapCollectionFlowLayout.swift */; };
		BA78E8F42601281300D7857C /* GradientView.swift in Sources */ = {isa = PBXBuildFile; fileRef = BA78E8F32601281300D7857C /* GradientView.swift */; };
		BA82635E2989C7C60032A739 /* RequestableTests.swift in Sources */ = {isa = PBXBuildFile; fileRef = BA82635D2989C7C60032A739 /* RequestableTests.swift */; };
		BA82764F2988457400F96F74 /* HTTP.swift in Sources */ = {isa = PBXBuildFile; fileRef = BA82764E2988457400F96F74 /* HTTP.swift */; };
		BA827651298845E300F96F74 /* Requestable.swift in Sources */ = {isa = PBXBuildFile; fileRef = BA827650298845E300F96F74 /* Requestable.swift */; };
		BA8276532988462F00F96F74 /* Client.swift in Sources */ = {isa = PBXBuildFile; fileRef = BA8276522988462F00F96F74 /* Client.swift */; };
		BA8276552988468900F96F74 /* Enironment.swift in Sources */ = {isa = PBXBuildFile; fileRef = BA8276542988468900F96F74 /* Enironment.swift */; };
		BA827657298846C800F96F74 /* Resource.swift in Sources */ = {isa = PBXBuildFile; fileRef = BA827656298846C800F96F74 /* Resource.swift */; };
		BAA2B721293FF5F000FB0034 /* Swifter in Frameworks */ = {isa = PBXBuildFile; productRef = BAA2B720293FF5F000FB0034 /* Swifter */; };
		BAA2B733293FF82F00FB0034 /* HomeFlowTests.swift in Sources */ = {isa = PBXBuildFile; fileRef = BAA2B732293FF82F00FB0034 /* HomeFlowTests.swift */; };
		BAA2B736293FF9C100FB0034 /* UITest.swift in Sources */ = {isa = PBXBuildFile; fileRef = BAA2B735293FF9C100FB0034 /* UITest.swift */; };
		BAA2B7392940054F00FB0034 /* Swifter in Frameworks */ = {isa = PBXBuildFile; productRef = BAA2B7382940054F00FB0034 /* Swifter */; };
		BAA2B73B2940074200FB0034 /* responseTopHeadlines.json in Resources */ = {isa = PBXBuildFile; fileRef = BA2D838C25DF21960054FDDB /* responseTopHeadlines.json */; };
		BAB097022615EDE7001274FE /* HomeViewModelTests.swift in Sources */ = {isa = PBXBuildFile; fileRef = BAB097012615EDE7001274FE /* HomeViewModelTests.swift */; };
		BAE5D6AF260A43560073C8D5 /* ViewControllerFactory.swift in Sources */ = {isa = PBXBuildFile; fileRef = BAE5D6AE260A43560073C8D5 /* ViewControllerFactory.swift */; };
		BAE5D6B3260A52DB0073C8D5 /* SearchNewsTableViewController.swift in Sources */ = {isa = PBXBuildFile; fileRef = BAE5D6B2260A52DB0073C8D5 /* SearchNewsTableViewController.swift */; };
		BAE5D6B7260A53030073C8D5 /* SearchFlowCoordinator.swift in Sources */ = {isa = PBXBuildFile; fileRef = BAE5D6B6260A53030073C8D5 /* SearchFlowCoordinator.swift */; };
		BAE5D6BB260A53E20073C8D5 /* SearchNewsViewModel.swift in Sources */ = {isa = PBXBuildFile; fileRef = BAE5D6BA260A53E20073C8D5 /* SearchNewsViewModel.swift */; };
		BAE5D6C1260A58E10073C8D5 /* SearchNewsTableViewCell.swift in Sources */ = {isa = PBXBuildFile; fileRef = BAE5D6BF260A58E10073C8D5 /* SearchNewsTableViewCell.swift */; };
		BAE5D6C2260A58E10073C8D5 /* SearchNewsTableViewCell.xib in Resources */ = {isa = PBXBuildFile; fileRef = BAE5D6C0260A58E10073C8D5 /* SearchNewsTableViewCell.xib */; };
		BAE5D6C6260A5CE50073C8D5 /* TableViewCellReuse.swift in Sources */ = {isa = PBXBuildFile; fileRef = BAE5D6C5260A5CE50073C8D5 /* TableViewCellReuse.swift */; };
/* End PBXBuildFile section */

/* Begin PBXContainerItemProxy section */
		BA1F37E925DAC85B007CC963 /* PBXContainerItemProxy */ = {
			isa = PBXContainerItemProxy;
			containerPortal = BA1F379B25DA9CEE007CC963 /* Project object */;
			proxyType = 1;
			remoteGlobalIDString = BA1F37A225DA9CEE007CC963;
			remoteInfo = "Occcam News";
		};
		BAA2B72C293FF66D00FB0034 /* PBXContainerItemProxy */ = {
			isa = PBXContainerItemProxy;
			containerPortal = BA1F379B25DA9CEE007CC963 /* Project object */;
			proxyType = 1;
			remoteGlobalIDString = BA1F37A225DA9CEE007CC963;
			remoteInfo = "Occcam News";
		};
/* End PBXContainerItemProxy section */

/* Begin PBXFileReference section */
		BA04D29E28E7A5A60098D0E2 /* HomeViewController.swift */ = {isa = PBXFileReference; lastKnownFileType = sourcecode.swift; path = HomeViewController.swift; sourceTree = "<group>"; };
		BA04D2A228E7A9A00098D0E2 /* ArticleTableViewCell.swift */ = {isa = PBXFileReference; lastKnownFileType = sourcecode.swift; path = ArticleTableViewCell.swift; sourceTree = "<group>"; };
		BA04D2A328E7A9A00098D0E2 /* ArticleTableViewCell.xib */ = {isa = PBXFileReference; lastKnownFileType = file.xib; path = ArticleTableViewCell.xib; sourceTree = "<group>"; };
		BA0756FF28D77BC8000AD25E /* Logger.swift */ = {isa = PBXFileReference; lastKnownFileType = sourcecode.swift; path = Logger.swift; sourceTree = "<group>"; };
		BA07570128D7BC03000AD25E /* MiscExtension.swift */ = {isa = PBXFileReference; lastKnownFileType = sourcecode.swift; path = MiscExtension.swift; sourceTree = "<group>"; };
		BA1F37A325DA9CEF007CC963 /* Occcam News.app */ = {isa = PBXFileReference; explicitFileType = wrapper.application; includeInIndex = 0; path = "Occcam News.app"; sourceTree = BUILT_PRODUCTS_DIR; };
		BA1F37A625DA9CEF007CC963 /* AppDelegate.swift */ = {isa = PBXFileReference; lastKnownFileType = sourcecode.swift; path = AppDelegate.swift; sourceTree = "<group>"; };
		BA1F37A825DA9CEF007CC963 /* SceneDelegate.swift */ = {isa = PBXFileReference; lastKnownFileType = sourcecode.swift; path = SceneDelegate.swift; sourceTree = "<group>"; };
		BA1F37AD25DA9CEF007CC963 /* Base */ = {isa = PBXFileReference; lastKnownFileType = file.storyboard; name = Base; path = Base.lproj/Main.storyboard; sourceTree = "<group>"; };
		BA1F37AF25DA9CEF007CC963 /* Assets.xcassets */ = {isa = PBXFileReference; lastKnownFileType = folder.assetcatalog; path = Assets.xcassets; sourceTree = "<group>"; };
		BA1F37B225DA9CEF007CC963 /* Base */ = {isa = PBXFileReference; lastKnownFileType = file.storyboard; name = Base; path = Base.lproj/LaunchScreen.storyboard; sourceTree = "<group>"; };
		BA1F37B425DA9CEF007CC963 /* Info.plist */ = {isa = PBXFileReference; lastKnownFileType = text.plist.xml; path = Info.plist; sourceTree = "<group>"; };
		BA1F37BD25DAA05D007CC963 /* Coordinator.swift */ = {isa = PBXFileReference; lastKnownFileType = sourcecode.swift; path = Coordinator.swift; sourceTree = "<group>"; };
		BA1F37C125DAA0BE007CC963 /* ClassName.swift */ = {isa = PBXFileReference; lastKnownFileType = sourcecode.swift; path = ClassName.swift; sourceTree = "<group>"; };
		BA1F37C625DAA19E007CC963 /* MainCoordinator.swift */ = {isa = PBXFileReference; lastKnownFileType = sourcecode.swift; path = MainCoordinator.swift; sourceTree = "<group>"; };
		BA1F37C925DAA496007CC963 /* StoryboardInstantiatable.swift */ = {isa = PBXFileReference; lastKnownFileType = sourcecode.swift; path = StoryboardInstantiatable.swift; sourceTree = "<group>"; };
		BA1F37E425DAC85B007CC963 /* Occcam NewsTests.xctest */ = {isa = PBXFileReference; explicitFileType = wrapper.cfbundle; includeInIndex = 0; path = "Occcam NewsTests.xctest"; sourceTree = BUILT_PRODUCTS_DIR; };
		BA1F37E625DAC85B007CC963 /* CoordinatorTests.swift */ = {isa = PBXFileReference; lastKnownFileType = sourcecode.swift; path = CoordinatorTests.swift; sourceTree = "<group>"; };
		BA1F37E825DAC85B007CC963 /* Info.plist */ = {isa = PBXFileReference; lastKnownFileType = text.plist.xml; path = Info.plist; sourceTree = "<group>"; };
		BA1F380C25DB04ED007CC963 /* ClientTest.swift */ = {isa = PBXFileReference; lastKnownFileType = sourcecode.swift; path = ClientTest.swift; sourceTree = "<group>"; };
		BA1F381025DB052E007CC963 /* NewsClient.swift */ = {isa = PBXFileReference; lastKnownFileType = sourcecode.swift; path = NewsClient.swift; sourceTree = "<group>"; };
		BA1F381425DB0C11007CC963 /* Mocks.swift */ = {isa = PBXFileReference; lastKnownFileType = sourcecode.swift; path = Mocks.swift; sourceTree = "<group>"; };
		BA1F381825DB253A007CC963 /* Parser.swift */ = {isa = PBXFileReference; lastKnownFileType = sourcecode.swift; path = Parser.swift; sourceTree = "<group>"; };
		BA1F381E25DB27CD007CC963 /* JSONParser.swift */ = {isa = PBXFileReference; lastKnownFileType = sourcecode.swift; path = JSONParser.swift; sourceTree = "<group>"; };
		BA1F382225DB2AA4007CC963 /* JSONParserTests.swift */ = {isa = PBXFileReference; lastKnownFileType = sourcecode.swift; path = JSONParserTests.swift; sourceTree = "<group>"; };
		BA2D838525DEEC800054FDDB /* Model.swift */ = {isa = PBXFileReference; lastKnownFileType = sourcecode.swift; path = Model.swift; sourceTree = "<group>"; };
		BA2D838C25DF21960054FDDB /* responseTopHeadlines.json */ = {isa = PBXFileReference; fileEncoding = 4; lastKnownFileType = text.json; path = responseTopHeadlines.json; sourceTree = "<group>"; };
		BA78E8B625F15BD300D7857C /* ArticleCollectionViewCell.swift */ = {isa = PBXFileReference; lastKnownFileType = sourcecode.swift; path = ArticleCollectionViewCell.swift; sourceTree = "<group>"; };
		BA78E8B725F15BD300D7857C /* ArticleCollectionViewCell.xib */ = {isa = PBXFileReference; lastKnownFileType = file.xib; path = ArticleCollectionViewCell.xib; sourceTree = "<group>"; };
		BA78E8C925F1977A00D7857C /* CollectionViewCellReuse.swift */ = {isa = PBXFileReference; lastKnownFileType = sourcecode.swift; path = CollectionViewCellReuse.swift; sourceTree = "<group>"; };
		BA78E8CD25F19AF700D7857C /* HomeCollectionViewController.swift */ = {isa = PBXFileReference; lastKnownFileType = sourcecode.swift; path = HomeCollectionViewController.swift; sourceTree = "<group>"; };
		BA78E8D125F19D6000D7857C /* HomeFlowCoordinator.swift */ = {isa = PBXFileReference; lastKnownFileType = sourcecode.swift; path = HomeFlowCoordinator.swift; sourceTree = "<group>"; };
		BA78E8D525F1A64000D7857C /* HomeViewModel.swift */ = {isa = PBXFileReference; lastKnownFileType = sourcecode.swift; path = HomeViewModel.swift; sourceTree = "<group>"; };
		BA78E8E025F9269A00D7857C /* SnapCollectionFlowLayout.swift */ = {isa = PBXFileReference; lastKnownFileType = sourcecode.swift; path = SnapCollectionFlowLayout.swift; sourceTree = "<group>"; };
		BA78E8F32601281300D7857C /* GradientView.swift */ = {isa = PBXFileReference; lastKnownFileType = sourcecode.swift; path = GradientView.swift; sourceTree = "<group>"; };
		BA82635D2989C7C60032A739 /* RequestableTests.swift */ = {isa = PBXFileReference; lastKnownFileType = sourcecode.swift; path = RequestableTests.swift; sourceTree = "<group>"; };
		BA82764E2988457400F96F74 /* HTTP.swift */ = {isa = PBXFileReference; lastKnownFileType = sourcecode.swift; path = HTTP.swift; sourceTree = "<group>"; };
		BA827650298845E300F96F74 /* Requestable.swift */ = {isa = PBXFileReference; lastKnownFileType = sourcecode.swift; path = Requestable.swift; sourceTree = "<group>"; };
		BA8276522988462F00F96F74 /* Client.swift */ = {isa = PBXFileReference; lastKnownFileType = sourcecode.swift; path = Client.swift; sourceTree = "<group>"; };
		BA8276542988468900F96F74 /* Enironment.swift */ = {isa = PBXFileReference; lastKnownFileType = sourcecode.swift; path = Enironment.swift; sourceTree = "<group>"; };
		BA827656298846C800F96F74 /* Resource.swift */ = {isa = PBXFileReference; lastKnownFileType = sourcecode.swift; path = Resource.swift; sourceTree = "<group>"; };
		BAA2B726293FF66D00FB0034 /* BehaviourTests.xctest */ = {isa = PBXFileReference; explicitFileType = wrapper.cfbundle; includeInIndex = 0; path = BehaviourTests.xctest; sourceTree = BUILT_PRODUCTS_DIR; };
		BAA2B732293FF82F00FB0034 /* HomeFlowTests.swift */ = {isa = PBXFileReference; lastKnownFileType = sourcecode.swift; path = HomeFlowTests.swift; sourceTree = "<group>"; };
		BAA2B735293FF9C100FB0034 /* UITest.swift */ = {isa = PBXFileReference; lastKnownFileType = sourcecode.swift; path = UITest.swift; sourceTree = "<group>"; };
		BAB097012615EDE7001274FE /* HomeViewModelTests.swift */ = {isa = PBXFileReference; lastKnownFileType = sourcecode.swift; path = HomeViewModelTests.swift; sourceTree = "<group>"; };
		BAE5D6AE260A43560073C8D5 /* ViewControllerFactory.swift */ = {isa = PBXFileReference; lastKnownFileType = sourcecode.swift; path = ViewControllerFactory.swift; sourceTree = "<group>"; };
		BAE5D6B2260A52DB0073C8D5 /* SearchNewsTableViewController.swift */ = {isa = PBXFileReference; lastKnownFileType = sourcecode.swift; path = SearchNewsTableViewController.swift; sourceTree = "<group>"; };
		BAE5D6B6260A53030073C8D5 /* SearchFlowCoordinator.swift */ = {isa = PBXFileReference; lastKnownFileType = sourcecode.swift; path = SearchFlowCoordinator.swift; sourceTree = "<group>"; };
		BAE5D6BA260A53E20073C8D5 /* SearchNewsViewModel.swift */ = {isa = PBXFileReference; lastKnownFileType = sourcecode.swift; path = SearchNewsViewModel.swift; sourceTree = "<group>"; };
		BAE5D6BF260A58E10073C8D5 /* SearchNewsTableViewCell.swift */ = {isa = PBXFileReference; lastKnownFileType = sourcecode.swift; path = SearchNewsTableViewCell.swift; sourceTree = "<group>"; };
		BAE5D6C0260A58E10073C8D5 /* SearchNewsTableViewCell.xib */ = {isa = PBXFileReference; lastKnownFileType = file.xib; path = SearchNewsTableViewCell.xib; sourceTree = "<group>"; };
		BAE5D6C5260A5CE50073C8D5 /* TableViewCellReuse.swift */ = {isa = PBXFileReference; lastKnownFileType = sourcecode.swift; path = TableViewCellReuse.swift; sourceTree = "<group>"; };
/* End PBXFileReference section */

/* Begin PBXFrameworksBuildPhase section */
		BA1F37A025DA9CEE007CC963 /* Frameworks */ = {
			isa = PBXFrameworksBuildPhase;
			buildActionMask = 2147483647;
			files = (
				BAA2B721293FF5F000FB0034 /* Swifter in Frameworks */,
			);
			runOnlyForDeploymentPostprocessing = 0;
		};
		BA1F37E125DAC85B007CC963 /* Frameworks */ = {
			isa = PBXFrameworksBuildPhase;
			buildActionMask = 2147483647;
			files = (
			);
			runOnlyForDeploymentPostprocessing = 0;
		};
		BAA2B723293FF66D00FB0034 /* Frameworks */ = {
			isa = PBXFrameworksBuildPhase;
			buildActionMask = 2147483647;
			files = (
				BAA2B7392940054F00FB0034 /* Swifter in Frameworks */,
			);
			runOnlyForDeploymentPostprocessing = 0;
		};
/* End PBXFrameworksBuildPhase section */

/* Begin PBXGroup section */
		BA04D2A028E7A94C0098D0E2 /* Cells */ = {
			isa = PBXGroup;
			children = (
				BA04D2A128E7A95F0098D0E2 /* Article TableViewCell */,
				BA78E8B525F15B9700D7857C /* Article CollectionViewCell */,
				BAE5D6BE260A586F0073C8D5 /* SearchNews TableViewCell */,
			);
			path = Cells;
			sourceTree = "<group>";
		};
		BA04D2A128E7A95F0098D0E2 /* Article TableViewCell */ = {
			isa = PBXGroup;
			children = (
				BA04D2A228E7A9A00098D0E2 /* ArticleTableViewCell.swift */,
				BA04D2A328E7A9A00098D0E2 /* ArticleTableViewCell.xib */,
			);
			path = "Article TableViewCell";
			sourceTree = "<group>";
		};
		BA04D2A728E7AF3A0098D0E2 /* Flows */ = {
			isa = PBXGroup;
			children = (
				BA78E8AC25F158CF00D7857C /* Search Flow */,
				BA78E8AB25F157CA00D7857C /* Home Flow */,
			);
			path = Flows;
			sourceTree = "<group>";
		};
		BA0756FE28D77B46000AD25E /* Utilities */ = {
			isa = PBXGroup;
			children = (
				BAE5D6AD260A43340073C8D5 /* Factories */,
				BA0756FF28D77BC8000AD25E /* Logger.swift */,
				BA07570128D7BC03000AD25E /* MiscExtension.swift */,
			);
			path = Utilities;
			sourceTree = "<group>";
		};
		BA1F379A25DA9CEE007CC963 = {
			isa = PBXGroup;
			children = (
				BA1F37A525DA9CEF007CC963 /* Occcam News */,
				BA1F37E525DAC85B007CC963 /* Occcam NewsTests */,
				BAA2B727293FF66D00FB0034 /* BehaviourTests */,
				BA1F37A425DA9CEF007CC963 /* Products */,
				BAA2B7372940054F00FB0034 /* Frameworks */,
			);
			sourceTree = "<group>";
		};
		BA1F37A425DA9CEF007CC963 /* Products */ = {
			isa = PBXGroup;
			children = (
				BA1F37A325DA9CEF007CC963 /* Occcam News.app */,
				BA1F37E425DAC85B007CC963 /* Occcam NewsTests.xctest */,
				BAA2B726293FF66D00FB0034 /* BehaviourTests.xctest */,
			);
			name = Products;
			sourceTree = "<group>";
		};
		BA1F37A525DA9CEF007CC963 /* Occcam News */ = {
			isa = PBXGroup;
			children = (
				BA0756FE28D77B46000AD25E /* Utilities */,
				BA78E8AD25F158DE00D7857C /* UIs */,
				BA1F37BC25DAA01F007CC963 /* Protocol */,
				BA1F37F225DACD9F007CC963 /* Networking */,
				BA2D838425DEEC6F0054FDDB /* Models */,
				BA04D2A728E7AF3A0098D0E2 /* Flows */,
				BA1F37C525DAA179007CC963 /* Coordinators */,
				BA1F37A625DA9CEF007CC963 /* AppDelegate.swift */,
				BA1F37A825DA9CEF007CC963 /* SceneDelegate.swift */,
				BA1F37AC25DA9CEF007CC963 /* Main.storyboard */,
				BA1F37AF25DA9CEF007CC963 /* Assets.xcassets */,
				BA1F37B125DA9CEF007CC963 /* LaunchScreen.storyboard */,
				BA1F37B425DA9CEF007CC963 /* Info.plist */,
			);
			path = "Occcam News";
			sourceTree = "<group>";
		};
		BA1F37BC25DAA01F007CC963 /* Protocol */ = {
			isa = PBXGroup;
			children = (
				BA1F37C125DAA0BE007CC963 /* ClassName.swift */,
				BA8276522988462F00F96F74 /* Client.swift */,
				BA1F37BD25DAA05D007CC963 /* Coordinator.swift */,
				BA78E8C925F1977A00D7857C /* CollectionViewCellReuse.swift */,
				BA1F381825DB253A007CC963 /* Parser.swift */,
				BA827650298845E300F96F74 /* Requestable.swift */,
				BA1F37C925DAA496007CC963 /* StoryboardInstantiatable.swift */,
				BAE5D6C5260A5CE50073C8D5 /* TableViewCellReuse.swift */,
			);
			path = Protocol;
			sourceTree = "<group>";
		};
		BA1F37C525DAA179007CC963 /* Coordinators */ = {
			isa = PBXGroup;
			children = (
				BA1F37C625DAA19E007CC963 /* MainCoordinator.swift */,
				BA78E8D125F19D6000D7857C /* HomeFlowCoordinator.swift */,
				BAE5D6B6260A53030073C8D5 /* SearchFlowCoordinator.swift */,
			);
			path = Coordinators;
			sourceTree = "<group>";
		};
		BA1F37E525DAC85B007CC963 /* Occcam NewsTests */ = {
			isa = PBXGroup;
			children = (
				BA1F382C25DC153A007CC963 /* ViewModels */,
				BA1F37F925DADDFD007CC963 /* Networking */,
				BA1F37E625DAC85B007CC963 /* CoordinatorTests.swift */,
				BA1F37E825DAC85B007CC963 /* Info.plist */,
				BA2D838B25DF21520054FDDB /* Mock Data */,
			);
			path = "Occcam NewsTests";
			sourceTree = "<group>";
		};
		BA1F37F225DACD9F007CC963 /* Networking */ = {
			isa = PBXGroup;
			children = (
				BA8276542988468900F96F74 /* Enironment.swift */,
				BA82764E2988457400F96F74 /* HTTP.swift */,
				BA1F381E25DB27CD007CC963 /* JSONParser.swift */,
				BA1F381025DB052E007CC963 /* NewsClient.swift */,
				BA827656298846C800F96F74 /* Resource.swift */,
			);
			path = Networking;
			sourceTree = "<group>";
		};
		BA1F37F925DADDFD007CC963 /* Networking */ = {
			isa = PBXGroup;
			children = (
				BA1F380C25DB04ED007CC963 /* ClientTest.swift */,
				BA1F382225DB2AA4007CC963 /* JSONParserTests.swift */,
				BA82635D2989C7C60032A739 /* RequestableTests.swift */,
			);
			path = Networking;
			sourceTree = "<group>";
		};
		BA1F382C25DC153A007CC963 /* ViewModels */ = {
			isa = PBXGroup;
			children = (
				BAB097012615EDE7001274FE /* HomeViewModelTests.swift */,
			);
			path = ViewModels;
			sourceTree = "<group>";
		};
		BA2D838425DEEC6F0054FDDB /* Models */ = {
			isa = PBXGroup;
			children = (
				BA2D838525DEEC800054FDDB /* Model.swift */,
			);
			path = Models;
			sourceTree = "<group>";
		};
		BA2D838B25DF21520054FDDB /* Mock Data */ = {
			isa = PBXGroup;
			children = (
				BA1F381425DB0C11007CC963 /* Mocks.swift */,
				BA2D838C25DF21960054FDDB /* responseTopHeadlines.json */,
			);
			path = "Mock Data";
			sourceTree = "<group>";
		};
		BA78E8AB25F157CA00D7857C /* Home Flow */ = {
			isa = PBXGroup;
			children = (
				BA04D29E28E7A5A60098D0E2 /* HomeViewController.swift */,
				BA78E8CD25F19AF700D7857C /* HomeCollectionViewController.swift */,
				BA78E8D525F1A64000D7857C /* HomeViewModel.swift */,
				BA78E8E025F9269A00D7857C /* SnapCollectionFlowLayout.swift */,
			);
			path = "Home Flow";
			sourceTree = "<group>";
		};
		BA78E8AC25F158CF00D7857C /* Search Flow */ = {
			isa = PBXGroup;
			children = (
				BAE5D6B2260A52DB0073C8D5 /* SearchNewsTableViewController.swift */,
				BAE5D6BA260A53E20073C8D5 /* SearchNewsViewModel.swift */,
			);
			path = "Search Flow";
			sourceTree = "<group>";
		};
		BA78E8AD25F158DE00D7857C /* UIs */ = {
			isa = PBXGroup;
			children = (
				BA04D2A028E7A94C0098D0E2 /* Cells */,
				BA78E8F32601281300D7857C /* GradientView.swift */,
			);
			path = UIs;
			sourceTree = "<group>";
		};
		BA78E8B525F15B9700D7857C /* Article CollectionViewCell */ = {
			isa = PBXGroup;
			children = (
				BA78E8B625F15BD300D7857C /* ArticleCollectionViewCell.swift */,
				BA78E8B725F15BD300D7857C /* ArticleCollectionViewCell.xib */,
			);
			path = "Article CollectionViewCell";
			sourceTree = "<group>";
		};
		BAA2B727293FF66D00FB0034 /* BehaviourTests */ = {
			isa = PBXGroup;
			children = (
				BAA2B734293FF86C00FB0034 /* Helpers */,
				BAA2B731293FF7E600FB0034 /* Tests */,
			);
			path = BehaviourTests;
			sourceTree = "<group>";
		};
		BAA2B731293FF7E600FB0034 /* Tests */ = {
			isa = PBXGroup;
			children = (
				BAA2B732293FF82F00FB0034 /* HomeFlowTests.swift */,
			);
			path = Tests;
			sourceTree = "<group>";
		};
		BAA2B734293FF86C00FB0034 /* Helpers */ = {
			isa = PBXGroup;
			children = (
				BAA2B735293FF9C100FB0034 /* UITest.swift */,
			);
			path = Helpers;
			sourceTree = "<group>";
		};
		BAA2B7372940054F00FB0034 /* Frameworks */ = {
			isa = PBXGroup;
			children = (
			);
			name = Frameworks;
			sourceTree = "<group>";
		};
		BAE5D6AD260A43340073C8D5 /* Factories */ = {
			isa = PBXGroup;
			children = (
				BAE5D6AE260A43560073C8D5 /* ViewControllerFactory.swift */,
			);
			path = Factories;
			sourceTree = "<group>";
		};
		BAE5D6BE260A586F0073C8D5 /* SearchNews TableViewCell */ = {
			isa = PBXGroup;
			children = (
				BAE5D6BF260A58E10073C8D5 /* SearchNewsTableViewCell.swift */,
				BAE5D6C0260A58E10073C8D5 /* SearchNewsTableViewCell.xib */,
			);
			path = "SearchNews TableViewCell";
			sourceTree = "<group>";
		};
/* End PBXGroup section */

/* Begin PBXNativeTarget section */
		BA1F37A225DA9CEE007CC963 /* Occcam News */ = {
			isa = PBXNativeTarget;
			buildConfigurationList = BA1F37B725DA9CEF007CC963 /* Build configuration list for PBXNativeTarget "Occcam News" */;
			buildPhases = (
				BA1F379F25DA9CEE007CC963 /* Sources */,
				BA1F37A025DA9CEE007CC963 /* Frameworks */,
				BA1F37A125DA9CEE007CC963 /* Resources */,
				BA78E8D925F2720000D7857C /* TODO as Warning Run Script */,
				BA93A55228CBD747007FBF51 /* SwiftLint Run Script */,
			);
			buildRules = (
			);
			dependencies = (
			);
			name = "Occcam News";
			packageProductDependencies = (
				BAA2B720293FF5F000FB0034 /* Swifter */,
			);
			productName = "Occcam News";
			productReference = BA1F37A325DA9CEF007CC963 /* Occcam News.app */;
			productType = "com.apple.product-type.application";
		};
		BA1F37E325DAC85B007CC963 /* Occcam NewsTests */ = {
			isa = PBXNativeTarget;
			buildConfigurationList = BA1F37EB25DAC85B007CC963 /* Build configuration list for PBXNativeTarget "Occcam NewsTests" */;
			buildPhases = (
				BA1F37E025DAC85B007CC963 /* Sources */,
				BA1F37E125DAC85B007CC963 /* Frameworks */,
				BA1F37E225DAC85B007CC963 /* Resources */,
			);
			buildRules = (
			);
			dependencies = (
				BA1F37EA25DAC85B007CC963 /* PBXTargetDependency */,
			);
			name = "Occcam NewsTests";
			productName = "Occcam NewsTests";
			productReference = BA1F37E425DAC85B007CC963 /* Occcam NewsTests.xctest */;
			productType = "com.apple.product-type.bundle.unit-test";
		};
		BAA2B725293FF66D00FB0034 /* BehaviourTests */ = {
			isa = PBXNativeTarget;
			buildConfigurationList = BAA2B72E293FF66D00FB0034 /* Build configuration list for PBXNativeTarget "BehaviourTests" */;
			buildPhases = (
				BAA2B722293FF66D00FB0034 /* Sources */,
				BAA2B723293FF66D00FB0034 /* Frameworks */,
				BAA2B724293FF66D00FB0034 /* Resources */,
			);
			buildRules = (
			);
			dependencies = (
				BAA2B72D293FF66D00FB0034 /* PBXTargetDependency */,
			);
			name = BehaviourTests;
			packageProductDependencies = (
				BAA2B7382940054F00FB0034 /* Swifter */,
			);
			productName = BehaviourTests;
			productReference = BAA2B726293FF66D00FB0034 /* BehaviourTests.xctest */;
			productType = "com.apple.product-type.bundle.ui-testing";
		};
/* End PBXNativeTarget section */

/* Begin PBXProject section */
		BA1F379B25DA9CEE007CC963 /* Project object */ = {
			isa = PBXProject;
			attributes = {
				LastSwiftUpdateCheck = 1400;
				LastUpgradeCheck = 1240;
				TargetAttributes = {
					BA1F37A225DA9CEE007CC963 = {
						CreatedOnToolsVersion = 12.4;
					};
					BA1F37E325DAC85B007CC963 = {
						CreatedOnToolsVersion = 12.4;
						TestTargetID = BA1F37A225DA9CEE007CC963;
					};
					BAA2B725293FF66D00FB0034 = {
						CreatedOnToolsVersion = 14.0;
						TestTargetID = BA1F37A225DA9CEE007CC963;
					};
				};
			};
			buildConfigurationList = BA1F379E25DA9CEE007CC963 /* Build configuration list for PBXProject "Occcam News" */;
			compatibilityVersion = "Xcode 9.3";
			developmentRegion = en;
			hasScannedForEncodings = 0;
			knownRegions = (
				en,
				Base,
			);
			mainGroup = BA1F379A25DA9CEE007CC963;
			packageReferences = (
				BAA2B71F293FF5F000FB0034 /* XCRemoteSwiftPackageReference "swifter" */,
			);
			productRefGroup = BA1F37A425DA9CEF007CC963 /* Products */;
			projectDirPath = "";
			projectRoot = "";
			targets = (
				BA1F37A225DA9CEE007CC963 /* Occcam News */,
				BA1F37E325DAC85B007CC963 /* Occcam NewsTests */,
				BAA2B725293FF66D00FB0034 /* BehaviourTests */,
			);
		};
/* End PBXProject section */

/* Begin PBXResourcesBuildPhase section */
		BA1F37A125DA9CEE007CC963 /* Resources */ = {
			isa = PBXResourcesBuildPhase;
			buildActionMask = 2147483647;
			files = (
				BA1F37B325DA9CEF007CC963 /* LaunchScreen.storyboard in Resources */,
				BA1F37B025DA9CEF007CC963 /* Assets.xcassets in Resources */,
				BAE5D6C2260A58E10073C8D5 /* SearchNewsTableViewCell.xib in Resources */,
				BA78E8B925F15BD300D7857C /* ArticleCollectionViewCell.xib in Resources */,
				BA04D2A528E7A9A00098D0E2 /* ArticleTableViewCell.xib in Resources */,
				BA1F37AE25DA9CEF007CC963 /* Main.storyboard in Resources */,
			);
			runOnlyForDeploymentPostprocessing = 0;
		};
		BA1F37E225DAC85B007CC963 /* Resources */ = {
			isa = PBXResourcesBuildPhase;
			buildActionMask = 2147483647;
			files = (
				BA2D838D25DF21970054FDDB /* responseTopHeadlines.json in Resources */,
			);
			runOnlyForDeploymentPostprocessing = 0;
		};
		BAA2B724293FF66D00FB0034 /* Resources */ = {
			isa = PBXResourcesBuildPhase;
			buildActionMask = 2147483647;
			files = (
				BAA2B73B2940074200FB0034 /* responseTopHeadlines.json in Resources */,
			);
			runOnlyForDeploymentPostprocessing = 0;
		};
/* End PBXResourcesBuildPhase section */

/* Begin PBXShellScriptBuildPhase section */
		BA78E8D925F2720000D7857C /* TODO as Warning Run Script */ = {
			isa = PBXShellScriptBuildPhase;
			alwaysOutOfDate = 1;
			buildActionMask = 2147483647;
			files = (
			);
			inputFileListPaths = (
			);
			inputPaths = (
			);
			name = "TODO as Warning Run Script";
			outputFileListPaths = (
			);
			outputPaths = (
			);
			runOnlyForDeploymentPostprocessing = 0;
			shellPath = /bin/sh;
			shellScript = "if [ \"${CONFIGURATION}\" = \"Debug\" ]; then\nTAGS=\"TODO:|FIXME:\"\necho \"searching ${SRCROOT} for ${TAGS}\"\nfind \"${SRCROOT}\" \\( -name \"*.swift\" \\) -print0 | xargs -0 egrep --with-filename --line-number --only-matching \"($TAGS).*\\$\" | perl -p -e \"s/($TAGS)/ warning: \\$1/\"\nfi\n";
		};
		BA93A55228CBD747007FBF51 /* SwiftLint Run Script */ = {
			isa = PBXShellScriptBuildPhase;
			alwaysOutOfDate = 1;
			buildActionMask = 2147483647;
			files = (
			);
			inputFileListPaths = (
			);
			inputPaths = (
			);
			name = "SwiftLint Run Script";
			outputFileListPaths = (
			);
			outputPaths = (
			);
			runOnlyForDeploymentPostprocessing = 0;
			shellPath = /bin/sh;
			shellScript = "if which swiftlint > /dev/null; then\n  swiftlint\nelse\n  echo \"warning: SwiftLint not installed, download from https://github.com/realm/SwiftLint\"\nfi\n\n";
		};
/* End PBXShellScriptBuildPhase section */

/* Begin PBXSourcesBuildPhase section */
		BA1F379F25DA9CEE007CC963 /* Sources */ = {
			isa = PBXSourcesBuildPhase;
			buildActionMask = 2147483647;
			files = (
				BAE5D6AF260A43560073C8D5 /* ViewControllerFactory.swift in Sources */,
				BA04D2A428E7A9A00098D0E2 /* ArticleTableViewCell.swift in Sources */,
				BA2D838625DEEC800054FDDB /* Model.swift in Sources */,
				BA1F37BE25DAA05E007CC963 /* Coordinator.swift in Sources */,
				BA78E8B825F15BD300D7857C /* ArticleCollectionViewCell.swift in Sources */,
				BA78E8D625F1A64000D7857C /* HomeViewModel.swift in Sources */,
				BA1F381F25DB27CD007CC963 /* JSONParser.swift in Sources */,
				BAE5D6C6260A5CE50073C8D5 /* TableViewCellReuse.swift in Sources */,
				BA8276532988462F00F96F74 /* Client.swift in Sources */,
				BA78E8F42601281300D7857C /* GradientView.swift in Sources */,
				BA8276552988468900F96F74 /* Enironment.swift in Sources */,
				BA07570228D7BC03000AD25E /* MiscExtension.swift in Sources */,
				BAE5D6BB260A53E20073C8D5 /* SearchNewsViewModel.swift in Sources */,
				BA07570028D77BC8000AD25E /* Logger.swift in Sources */,
				BA1F381925DB253A007CC963 /* Parser.swift in Sources */,
				BA78E8D225F19D6000D7857C /* HomeFlowCoordinator.swift in Sources */,
				BAE5D6C1260A58E10073C8D5 /* SearchNewsTableViewCell.swift in Sources */,
				BA827657298846C800F96F74 /* Resource.swift in Sources */,
				BA827651298845E300F96F74 /* Requestable.swift in Sources */,
				BA82764F2988457400F96F74 /* HTTP.swift in Sources */,
				BA1F37C725DAA19E007CC963 /* MainCoordinator.swift in Sources */,
				BA1F381125DB052E007CC963 /* NewsClient.swift in Sources */,
				BA78E8E125F9269A00D7857C /* SnapCollectionFlowLayout.swift in Sources */,
				BA04D29F28E7A5A60098D0E2 /* HomeViewController.swift in Sources */,
				BAE5D6B3260A52DB0073C8D5 /* SearchNewsTableViewController.swift in Sources */,
				BA1F37CA25DAA496007CC963 /* StoryboardInstantiatable.swift in Sources */,
				BA1F37C225DAA0BE007CC963 /* ClassName.swift in Sources */,
				BA1F37A725DA9CEF007CC963 /* AppDelegate.swift in Sources */,
				BA78E8CE25F19AF700D7857C /* HomeCollectionViewController.swift in Sources */,
				BAE5D6B7260A53030073C8D5 /* SearchFlowCoordinator.swift in Sources */,
				BA1F37A925DA9CEF007CC963 /* SceneDelegate.swift in Sources */,
				BA78E8CA25F1977A00D7857C /* CollectionViewCellReuse.swift in Sources */,
			);
			runOnlyForDeploymentPostprocessing = 0;
		};
		BA1F37E025DAC85B007CC963 /* Sources */ = {
			isa = PBXSourcesBuildPhase;
			buildActionMask = 2147483647;
			files = (
				BA1F380D25DB04ED007CC963 /* ClientTest.swift in Sources */,
				BA1F382325DB2AA4007CC963 /* JSONParserTests.swift in Sources */,
				BA1F37E725DAC85B007CC963 /* CoordinatorTests.swift in Sources */,
				BA82635E2989C7C60032A739 /* RequestableTests.swift in Sources */,
				BA1F381525DB0C11007CC963 /* Mocks.swift in Sources */,
				BAB097022615EDE7001274FE /* HomeViewModelTests.swift in Sources */,
			);
			runOnlyForDeploymentPostprocessing = 0;
		};
		BAA2B722293FF66D00FB0034 /* Sources */ = {
			isa = PBXSourcesBuildPhase;
			buildActionMask = 2147483647;
			files = (
				BAA2B733293FF82F00FB0034 /* HomeFlowTests.swift in Sources */,
				BAA2B736293FF9C100FB0034 /* UITest.swift in Sources */,
			);
			runOnlyForDeploymentPostprocessing = 0;
		};
/* End PBXSourcesBuildPhase section */

/* Begin PBXTargetDependency section */
		BA1F37EA25DAC85B007CC963 /* PBXTargetDependency */ = {
			isa = PBXTargetDependency;
			target = BA1F37A225DA9CEE007CC963 /* Occcam News */;
			targetProxy = BA1F37E925DAC85B007CC963 /* PBXContainerItemProxy */;
		};
		BAA2B72D293FF66D00FB0034 /* PBXTargetDependency */ = {
			isa = PBXTargetDependency;
			target = BA1F37A225DA9CEE007CC963 /* Occcam News */;
			targetProxy = BAA2B72C293FF66D00FB0034 /* PBXContainerItemProxy */;
		};
/* End PBXTargetDependency section */

/* Begin PBXVariantGroup section */
		BA1F37AC25DA9CEF007CC963 /* Main.storyboard */ = {
			isa = PBXVariantGroup;
			children = (
				BA1F37AD25DA9CEF007CC963 /* Base */,
			);
			name = Main.storyboard;
			sourceTree = "<group>";
		};
		BA1F37B125DA9CEF007CC963 /* LaunchScreen.storyboard */ = {
			isa = PBXVariantGroup;
			children = (
				BA1F37B225DA9CEF007CC963 /* Base */,
			);
			name = LaunchScreen.storyboard;
			sourceTree = "<group>";
		};
/* End PBXVariantGroup section */

/* Begin XCBuildConfiguration section */
		BA1F37B525DA9CEF007CC963 /* Debug */ = {
			isa = XCBuildConfiguration;
			buildSettings = {
				ALWAYS_SEARCH_USER_PATHS = NO;
				CLANG_ANALYZER_NONNULL = YES;
				CLANG_ANALYZER_NUMBER_OBJECT_CONVERSION = YES_AGGRESSIVE;
				CLANG_CXX_LANGUAGE_STANDARD = "gnu++14";
				CLANG_CXX_LIBRARY = "libc++";
				CLANG_ENABLE_MODULES = YES;
				CLANG_ENABLE_OBJC_ARC = YES;
				CLANG_ENABLE_OBJC_WEAK = YES;
				CLANG_WARN_BLOCK_CAPTURE_AUTORELEASING = YES;
				CLANG_WARN_BOOL_CONVERSION = YES;
				CLANG_WARN_COMMA = YES;
				CLANG_WARN_CONSTANT_CONVERSION = YES;
				CLANG_WARN_DEPRECATED_OBJC_IMPLEMENTATIONS = YES;
				CLANG_WARN_DIRECT_OBJC_ISA_USAGE = YES_ERROR;
				CLANG_WARN_DOCUMENTATION_COMMENTS = YES;
				CLANG_WARN_EMPTY_BODY = YES;
				CLANG_WARN_ENUM_CONVERSION = YES;
				CLANG_WARN_INFINITE_RECURSION = YES;
				CLANG_WARN_INT_CONVERSION = YES;
				CLANG_WARN_NON_LITERAL_NULL_CONVERSION = YES;
				CLANG_WARN_OBJC_IMPLICIT_RETAIN_SELF = YES;
				CLANG_WARN_OBJC_LITERAL_CONVERSION = YES;
				CLANG_WARN_OBJC_ROOT_CLASS = YES_ERROR;
				CLANG_WARN_QUOTED_INCLUDE_IN_FRAMEWORK_HEADER = YES;
				CLANG_WARN_RANGE_LOOP_ANALYSIS = YES;
				CLANG_WARN_STRICT_PROTOTYPES = YES;
				CLANG_WARN_SUSPICIOUS_MOVE = YES;
				CLANG_WARN_UNGUARDED_AVAILABILITY = YES_AGGRESSIVE;
				CLANG_WARN_UNREACHABLE_CODE = YES;
				CLANG_WARN__DUPLICATE_METHOD_MATCH = YES;
				COPY_PHASE_STRIP = NO;
				DEBUG_INFORMATION_FORMAT = dwarf;
				ENABLE_STRICT_OBJC_MSGSEND = YES;
				ENABLE_TESTABILITY = YES;
				GCC_C_LANGUAGE_STANDARD = gnu11;
				GCC_DYNAMIC_NO_PIC = NO;
				GCC_NO_COMMON_BLOCKS = YES;
				GCC_OPTIMIZATION_LEVEL = 0;
				GCC_PREPROCESSOR_DEFINITIONS = (
					"DEBUG=1",
					"$(inherited)",
				);
				GCC_WARN_64_TO_32_BIT_CONVERSION = YES;
				GCC_WARN_ABOUT_RETURN_TYPE = YES_ERROR;
				GCC_WARN_UNDECLARED_SELECTOR = YES;
				GCC_WARN_UNINITIALIZED_AUTOS = YES_AGGRESSIVE;
				GCC_WARN_UNUSED_FUNCTION = YES;
				GCC_WARN_UNUSED_VARIABLE = YES;
				IPHONEOS_DEPLOYMENT_TARGET = 14.0;
				MTL_ENABLE_DEBUG_INFO = INCLUDE_SOURCE;
				MTL_FAST_MATH = YES;
				ONLY_ACTIVE_ARCH = YES;
				SDKROOT = iphoneos;
				SWIFT_ACTIVE_COMPILATION_CONDITIONS = DEBUG;
				SWIFT_OPTIMIZATION_LEVEL = "-Onone";
			};
			name = Debug;
		};
		BA1F37B625DA9CEF007CC963 /* Release */ = {
			isa = XCBuildConfiguration;
			buildSettings = {
				ALWAYS_SEARCH_USER_PATHS = NO;
				CLANG_ANALYZER_NONNULL = YES;
				CLANG_ANALYZER_NUMBER_OBJECT_CONVERSION = YES_AGGRESSIVE;
				CLANG_CXX_LANGUAGE_STANDARD = "gnu++14";
				CLANG_CXX_LIBRARY = "libc++";
				CLANG_ENABLE_MODULES = YES;
				CLANG_ENABLE_OBJC_ARC = YES;
				CLANG_ENABLE_OBJC_WEAK = YES;
				CLANG_WARN_BLOCK_CAPTURE_AUTORELEASING = YES;
				CLANG_WARN_BOOL_CONVERSION = YES;
				CLANG_WARN_COMMA = YES;
				CLANG_WARN_CONSTANT_CONVERSION = YES;
				CLANG_WARN_DEPRECATED_OBJC_IMPLEMENTATIONS = YES;
				CLANG_WARN_DIRECT_OBJC_ISA_USAGE = YES_ERROR;
				CLANG_WARN_DOCUMENTATION_COMMENTS = YES;
				CLANG_WARN_EMPTY_BODY = YES;
				CLANG_WARN_ENUM_CONVERSION = YES;
				CLANG_WARN_INFINITE_RECURSION = YES;
				CLANG_WARN_INT_CONVERSION = YES;
				CLANG_WARN_NON_LITERAL_NULL_CONVERSION = YES;
				CLANG_WARN_OBJC_IMPLICIT_RETAIN_SELF = YES;
				CLANG_WARN_OBJC_LITERAL_CONVERSION = YES;
				CLANG_WARN_OBJC_ROOT_CLASS = YES_ERROR;
				CLANG_WARN_QUOTED_INCLUDE_IN_FRAMEWORK_HEADER = YES;
				CLANG_WARN_RANGE_LOOP_ANALYSIS = YES;
				CLANG_WARN_STRICT_PROTOTYPES = YES;
				CLANG_WARN_SUSPICIOUS_MOVE = YES;
				CLANG_WARN_UNGUARDED_AVAILABILITY = YES_AGGRESSIVE;
				CLANG_WARN_UNREACHABLE_CODE = YES;
				CLANG_WARN__DUPLICATE_METHOD_MATCH = YES;
				COPY_PHASE_STRIP = NO;
				DEBUG_INFORMATION_FORMAT = "dwarf-with-dsym";
				ENABLE_NS_ASSERTIONS = NO;
				ENABLE_STRICT_OBJC_MSGSEND = YES;
				GCC_C_LANGUAGE_STANDARD = gnu11;
				GCC_NO_COMMON_BLOCKS = YES;
				GCC_WARN_64_TO_32_BIT_CONVERSION = YES;
				GCC_WARN_ABOUT_RETURN_TYPE = YES_ERROR;
				GCC_WARN_UNDECLARED_SELECTOR = YES;
				GCC_WARN_UNINITIALIZED_AUTOS = YES_AGGRESSIVE;
				GCC_WARN_UNUSED_FUNCTION = YES;
				GCC_WARN_UNUSED_VARIABLE = YES;
				IPHONEOS_DEPLOYMENT_TARGET = 14.0;
				MTL_ENABLE_DEBUG_INFO = NO;
				MTL_FAST_MATH = YES;
				SDKROOT = iphoneos;
				SWIFT_COMPILATION_MODE = wholemodule;
				SWIFT_OPTIMIZATION_LEVEL = "-O";
				VALIDATE_PRODUCT = YES;
			};
			name = Release;
		};
		BA1F37B825DA9CEF007CC963 /* Debug */ = {
			isa = XCBuildConfiguration;
			buildSettings = {
				ASSETCATALOG_COMPILER_APPICON_NAME = AppIcon;
				ASSETCATALOG_COMPILER_GLOBAL_ACCENT_COLOR_NAME = AccentColor;
				CODE_SIGN_STYLE = Automatic;
				DEVELOPMENT_TEAM = 592QM63P2J;
				INFOPLIST_FILE = "Occcam News/Info.plist";
				IPHONEOS_DEPLOYMENT_TARGET = 14.0;
				LD_RUNPATH_SEARCH_PATHS = (
					"$(inherited)",
					"@executable_path/Frameworks",
				);
				PRODUCT_BUNDLE_IDENTIFIER = "com.projects.Occcam-News";
				PRODUCT_NAME = "$(TARGET_NAME)";
				SWIFT_VERSION = 5.0;
				TARGETED_DEVICE_FAMILY = "1,2";
			};
			name = Debug;
		};
		BA1F37B925DA9CEF007CC963 /* Release */ = {
			isa = XCBuildConfiguration;
			buildSettings = {
				ASSETCATALOG_COMPILER_APPICON_NAME = AppIcon;
				ASSETCATALOG_COMPILER_GLOBAL_ACCENT_COLOR_NAME = AccentColor;
				CODE_SIGN_STYLE = Automatic;
				DEVELOPMENT_TEAM = 592QM63P2J;
				INFOPLIST_FILE = "Occcam News/Info.plist";
				IPHONEOS_DEPLOYMENT_TARGET = 14.0;
				LD_RUNPATH_SEARCH_PATHS = (
					"$(inherited)",
					"@executable_path/Frameworks",
				);
				PRODUCT_BUNDLE_IDENTIFIER = "com.projects.Occcam-News";
				PRODUCT_NAME = "$(TARGET_NAME)";
				SWIFT_VERSION = 5.0;
				TARGETED_DEVICE_FAMILY = "1,2";
			};
			name = Release;
		};
		BA1F37EC25DAC85B007CC963 /* Debug */ = {
			isa = XCBuildConfiguration;
			buildSettings = {
				BUNDLE_LOADER = "$(TEST_HOST)";
				CODE_SIGN_STYLE = Automatic;
				DEVELOPMENT_TEAM = 592QM63P2J;
				INFOPLIST_FILE = "Occcam NewsTests/Info.plist";
				IPHONEOS_DEPLOYMENT_TARGET = 14.0;
				LD_RUNPATH_SEARCH_PATHS = (
					"$(inherited)",
					"@executable_path/Frameworks",
					"@loader_path/Frameworks",
				);
				OTHER_SWIFT_FLAGS = "";
				PRODUCT_BUNDLE_IDENTIFIER = "com.projects.Occcam-NewsTests";
				PRODUCT_NAME = "$(TARGET_NAME)";
				SWIFT_VERSION = 5.0;
				TARGETED_DEVICE_FAMILY = "1,2";
				TEST_HOST = "$(BUILT_PRODUCTS_DIR)/Occcam News.app/Occcam News";
			};
			name = Debug;
		};
		BA1F37ED25DAC85B007CC963 /* Release */ = {
			isa = XCBuildConfiguration;
			buildSettings = {
				BUNDLE_LOADER = "$(TEST_HOST)";
				CODE_SIGN_STYLE = Automatic;
				DEVELOPMENT_TEAM = 592QM63P2J;
				INFOPLIST_FILE = "Occcam NewsTests/Info.plist";
				IPHONEOS_DEPLOYMENT_TARGET = 14.0;
				LD_RUNPATH_SEARCH_PATHS = (
					"$(inherited)",
					"@executable_path/Frameworks",
					"@loader_path/Frameworks",
				);
				OTHER_SWIFT_FLAGS = "";
				PRODUCT_BUNDLE_IDENTIFIER = "com.projects.Occcam-NewsTests";
				PRODUCT_NAME = "$(TARGET_NAME)";
				SWIFT_VERSION = 5.0;
				TARGETED_DEVICE_FAMILY = "1,2";
				TEST_HOST = "$(BUILT_PRODUCTS_DIR)/Occcam News.app/Occcam News";
			};
			name = Release;
		};
		BAA2B72F293FF66D00FB0034 /* Debug */ = {
			isa = XCBuildConfiguration;
			buildSettings = {
				CLANG_CXX_LANGUAGE_STANDARD = "gnu++20";
				CODE_SIGN_STYLE = Automatic;
				CURRENT_PROJECT_VERSION = 1;
				GENERATE_INFOPLIST_FILE = YES;
				IPHONEOS_DEPLOYMENT_TARGET = 14.0;
				MARKETING_VERSION = 1.0;
				PRODUCT_BUNDLE_IDENTIFIER = com.test.animations.BehaviourTests;
				PRODUCT_NAME = "$(TARGET_NAME)";
				SWIFT_EMIT_LOC_STRINGS = NO;
				SWIFT_VERSION = 5.0;
				TARGETED_DEVICE_FAMILY = "1,2";
				TEST_TARGET_NAME = "Occcam News";
			};
			name = Debug;
		};
		BAA2B730293FF66D00FB0034 /* Release */ = {
			isa = XCBuildConfiguration;
			buildSettings = {
				CLANG_CXX_LANGUAGE_STANDARD = "gnu++20";
				CODE_SIGN_STYLE = Automatic;
				CURRENT_PROJECT_VERSION = 1;
				GENERATE_INFOPLIST_FILE = YES;
				IPHONEOS_DEPLOYMENT_TARGET = 14.0;
				MARKETING_VERSION = 1.0;
				PRODUCT_BUNDLE_IDENTIFIER = com.test.animations.BehaviourTests;
				PRODUCT_NAME = "$(TARGET_NAME)";
				SWIFT_EMIT_LOC_STRINGS = NO;
				SWIFT_VERSION = 5.0;
				TARGETED_DEVICE_FAMILY = "1,2";
				TEST_TARGET_NAME = "Occcam News";
			};
			name = Release;
		};
/* End XCBuildConfiguration section */

/* Begin XCConfigurationList section */
		BA1F379E25DA9CEE007CC963 /* Build configuration list for PBXProject "Occcam News" */ = {
			isa = XCConfigurationList;
			buildConfigurations = (
				BA1F37B525DA9CEF007CC963 /* Debug */,
				BA1F37B625DA9CEF007CC963 /* Release */,
			);
			defaultConfigurationIsVisible = 0;
			defaultConfigurationName = Release;
		};
		BA1F37B725DA9CEF007CC963 /* Build configuration list for PBXNativeTarget "Occcam News" */ = {
			isa = XCConfigurationList;
			buildConfigurations = (
				BA1F37B825DA9CEF007CC963 /* Debug */,
				BA1F37B925DA9CEF007CC963 /* Release */,
			);
			defaultConfigurationIsVisible = 0;
			defaultConfigurationName = Release;
		};
		BA1F37EB25DAC85B007CC963 /* Build configuration list for PBXNativeTarget "Occcam NewsTests" */ = {
			isa = XCConfigurationList;
			buildConfigurations = (
				BA1F37EC25DAC85B007CC963 /* Debug */,
				BA1F37ED25DAC85B007CC963 /* Release */,
			);
			defaultConfigurationIsVisible = 0;
			defaultConfigurationName = Release;
		};
		BAA2B72E293FF66D00FB0034 /* Build configuration list for PBXNativeTarget "BehaviourTests" */ = {
			isa = XCConfigurationList;
			buildConfigurations = (
				BAA2B72F293FF66D00FB0034 /* Debug */,
				BAA2B730293FF66D00FB0034 /* Release */,
			);
			defaultConfigurationIsVisible = 0;
			defaultConfigurationName = Release;
		};
/* End XCConfigurationList section */

/* Begin XCRemoteSwiftPackageReference section */
		BAA2B71F293FF5F000FB0034 /* XCRemoteSwiftPackageReference "swifter" */ = {
			isa = XCRemoteSwiftPackageReference;
			repositoryURL = "https://github.com/httpswift/swifter.git";
			requirement = {
				kind = upToNextMajorVersion;
				minimumVersion = 1.0.0;
			};
		};
/* End XCRemoteSwiftPackageReference section */

/* Begin XCSwiftPackageProductDependency section */
		BAA2B720293FF5F000FB0034 /* Swifter */ = {
			isa = XCSwiftPackageProductDependency;
			package = BAA2B71F293FF5F000FB0034 /* XCRemoteSwiftPackageReference "swifter" */;
			productName = Swifter;
		};
		BAA2B7382940054F00FB0034 /* Swifter */ = {
			isa = XCSwiftPackageProductDependency;
			package = BAA2B71F293FF5F000FB0034 /* XCRemoteSwiftPackageReference "swifter" */;
			productName = Swifter;
		};
/* End XCSwiftPackageProductDependency section */
	};
	rootObject = BA1F379B25DA9CEE007CC963 /* Project object */;
}
